PODS:
  - DTBKit/Basic (0.1.0):
    - DTBKit/Core
  - DTBKit/Basic/Tests (0.1.0):
    - DTBKit/Core
  - DTBKit/Core (0.1.0)
  - DTBKit/UIKit (0.1.0):
    - DTBKit/Basic

DEPENDENCIES:
  - DTBKit/Basic (from `../`)
  - DTBKit/Basic/Tests (from `../`)
  - DTBKit/Core (from `../`)
  - DTBKit/UIKit (from `../`)

EXTERNAL SOURCES:
  DTBKit:
    :path: "../"

SPEC CHECKSUMS:
  DTBKit: 8e8824752bc1371cd46fa30ddc8f387cf6d89d86

PODFILE CHECKSUM: f8bd43702602c59023ffc9de2f7cbd5b3f6044fc

COCOAPODS: 1.12.1
