PODS:
  - DTBKit/Basic (0.1.0):
    - DTBKit/Core
  - DTBKit/Basic/Tests (0.1.0):
    - DTBKit/Core
  - DTBKit/Chain (0.1.0):
    - DTBKit/Core
  - DTBKit/Core (0.1.0)
  - DTBKit/UIKit (0.1.0):
    - DTBKit/Basic

DEPENDENCIES:
  - DTBKit/Basic (from `../`)
  - DTBKit/Basic/Tests (from `../`)
  - DTBKit/Chain (from `../`)
  - DTBKit/Core (from `../`)
  - DTBKit/UIKit (from `../`)

EXTERNAL SOURCES:
  DTBKit:
    :path: "../"

SPEC CHECKSUMS:
  DTBKit: a704b2e6cedb686a5922a79932ae3d213ec04a5d

PODFILE CHECKSUM: 1b968e448bcc3089079d49c1fddf8295c1ef4a21

COCOAPODS: 1.12.1
