PODS:
  - DoraemonKit/Core (3.1.3):
    - FMDB
    - GCDWebServer
    - GCDWebServer/WebDAV
    - GCDWebServer/WebUploader
  - DoraemonKit/WithGPS (3.1.3):
    - DoraemonKit/Core
  - DTBKit/Basic (0.1.0)
  - DTBKit/UIKit (0.1.0):
    - DTBKit/Basic
  - FMDB (2.7.5):
    - FMDB/standard (= 2.7.5)
  - FMDB/standard (2.7.5)
  - GCDWebServer (3.5.4):
    - GCDWebServer/Core (= 3.5.4)
  - GCDWebServer/Core (3.5.4)
  - GCDWebServer/WebDAV (3.5.4):
    - GCDWebServer/Core
  - GCDWebServer/WebUploader (3.5.4):
    - GCDWebServer/Core
  - SnapKit (5.0.1)

DEPENDENCIES:
  - DoraemonKit/Core (= 3.1.3)
  - DoraemonKit/WithGPS (= 3.1.3)
  - DTBKit/UIKit (from `../`)
  - SnapKit (= 5.0.1)

SPEC REPOS:
  trunk:
    - DoraemonKit
    - FMDB
    - GCDWebServer
    - SnapKit

EXTERNAL SOURCES:
  DTBKit:
    :path: "../"

SPEC CHECKSUMS:
  DoraemonKit: 7448814a80d9ca56bc8db9105c464b7ec2e62623
  DTBKit: 901a1fb57bef26ac43c9bdf7b3ff5b600f81bfe3
  FMDB: 2ce00b547f966261cd18927a3ddb07cb6f3db82a
  GCDWebServer: 2c156a56c8226e2d5c0c3f208a3621ccffbe3ce4
  SnapKit: 97b92857e3df3a0c71833cce143274bf6ef8e5eb

PODFILE CHECKSUM: 0763b99b3b9bb83044333252b65e592a21a3fded

COCOAPODS: 1.12.1
