PODS:
  - DoraemonKit/Core (3.0.4):
    - FMDB
    - GCDWebServer
    - GCDWebServer/WebDAV
    - GCDWebServer/WebUploader
  - DoraemonKit/WithGPS (3.0.4):
    - DoraemonKit/Core
  - FMDB (2.7.5):
    - FMDB/standard (= 2.7.5)
  - FMDB/standard (2.7.5)
  - GCDWebServer (3.5.4):
    - GCDWebServer/Core (= 3.5.4)
  - GCDWebServer/Core (3.5.4)
  - GCDWebServer/WebDAV (3.5.4):
    - GCDWebServer/Core
  - GCDWebServer/WebUploader (3.5.4):
    - GCDWebServer/Core
  - SnapKit (5.0.1)

DEPENDENCIES:
  - DoraemonKit/Core (= 3.0.4)
  - DoraemonKit/WithGPS (= 3.0.4)
  - SnapKit (= 5.0.1)

SPEC REPOS:
  https://github.com/CocoaPods/Specs.git:
    - DoraemonKit
    - FMDB
    - GCDWebServer
    - SnapKit

SPEC CHECKSUMS:
  DoraemonKit: b507a1500667024070f248d648632a3f7bbb6044
  FMDB: 2ce00b547f966261cd18927a3ddb07cb6f3db82a
  GCDWebServer: 2c156a56c8226e2d5c0c3f208a3621ccffbe3ce4
  SnapKit: 97b92857e3df3a0c71833cce143274bf6ef8e5eb

PODFILE CHECKSUM: d297d929857b20cecf8899cc85dee443f346eb93

COCOAPODS: 1.15.2
