// !$*UTF8*$!
{
	archiveVersion = 1;
	classes = {
	};
	objectVersion = 51;
	objects = {

/* Begin PBXBuildFile section */
		0169083FFEF6AE744A5BDE01 /* AppDelegate.swift in Sources */ = {isa = PBXBuildFile; fileRef = CDAF59F97655EB8E78958AD5 /* AppDelegate.swift */; };
		08C96E3F7C64BD81F741AE53 /* UIView+Chain.swift in Sources */ = {isa = PBXBuildFile; fileRef = D532AC4ECE58C61452330FE6 /* UIView+Chain.swift */; };
		0A6653C7305C8353C7E61FEA /* MathTests.swift in Sources */ = {isa = PBXBuildFile; fileRef = 7830E622F04A3AA897816301 /* MathTests.swift */; };
		0C1A172E134B1257FB303B8A /* DTBKit.podspec in Resources */ = {isa = PBXBuildFile; fileRef = 3C7D3B41655E7FCD0EEE3DDE /* DTBKit.podspec */; };
		0D95639B99F2A5832783FEF1 /* project.yml in Resources */ = {isa = PBXBuildFile; fileRef = 70B7C80B5F60A9B0123B9530 /* project.yml */; };
		1272A31D6B8FC5BA507F445D /* UIWindow+DTBKit.swift in Sources */ = {isa = PBXBuildFile; fileRef = F844CDDAD65845C4757E1A27 /* UIWindow+DTBKit.swift */; };
		1555696D2D62F9EF5EBE4689 /* NumberFormatter+DTBKit.swift in Sources */ = {isa = PBXBuildFile; fileRef = 54BD5C55351302310A3F9EFF /* NumberFormatter+DTBKit.swift */; };
		1D203217D1EBA6FACF2FD671 /* Dictionary+DTBKit.swift in Sources */ = {isa = PBXBuildFile; fileRef = 679CABB45C3586EDF31B9C80 /* Dictionary+DTBKit.swift */; };
		26BBB83FC4DA650DDC3329EC /* DemoContentView.swift in Sources */ = {isa = PBXBuildFile; fileRef = FA92A28BC222C5268E1F2F70 /* DemoContentView.swift */; };
		2A0D4B06DD0C14E942474621 /* Array+DTBKit.swift in Sources */ = {isa = PBXBuildFile; fileRef = 2FE6BEDEB0816C6E8EAE8759 /* Array+DTBKit.swift */; };
		368DD732FE809B9FAD578381 /* Double+DTBKit.swift in Sources */ = {isa = PBXBuildFile; fileRef = 452D7A04FD4584ED7C2FA3DA /* Double+DTBKit.swift */; };
		3A9B01ED6B8CAEC69307A5D3 /* SimpleVisualViewController.swift in Sources */ = {isa = PBXBuildFile; fileRef = BD38C5FAE384D56B19938045 /* SimpleVisualViewController.swift */; };
		3AC23554A53955C5AF50A390 /* DemoEntry.swift in Sources */ = {isa = PBXBuildFile; fileRef = 8DC825259B4A2BC75D4CAEBE /* DemoEntry.swift */; };
		3DBFB3F32E6F295E6FD488F2 /* DTBBasicTests.swift in Sources */ = {isa = PBXBuildFile; fileRef = C25FD8787B72EC0EF28984D2 /* DTBBasicTests.swift */; };
		3DF7D12F1C41FCDADB1EEBCA /* XMAdapter.swift in Sources */ = {isa = PBXBuildFile; fileRef = 5CB2DD6CA4844FF1685076F3 /* XMAdapter.swift */; };
		4318BD66476CAAFE74EFD451 /* NSAttributedStringKey+Chain.swift in Sources */ = {isa = PBXBuildFile; fileRef = D0CC7E4BC0D722C73D42D9F6 /* NSAttributedStringKey+Chain.swift */; };
		4897D1F22628757CD19CB981 /* Int+XMKit.swift in Sources */ = {isa = PBXBuildFile; fileRef = 8E8A62935A2045157D726ABE /* Int+XMKit.swift */; };
		52777B04645E9A128E126F11 /* UIColor+DTBKit.swift in Sources */ = {isa = PBXBuildFile; fileRef = AFA7EEC678FE600F8E16EA02 /* UIColor+DTBKit.swift */; };
		53BD75727274479779BF7138 /* NSMutableAttributedString+DTBKit.swift in Sources */ = {isa = PBXBuildFile; fileRef = 7E7AF5AB1220AB72A70116B7 /* NSMutableAttributedString+DTBKit.swift */; };
		547A791C29AA5B169C3E2C6A /* UIImageView+DTBKit.swift in Sources */ = {isa = PBXBuildFile; fileRef = 3920D423B2F0AF2570827977 /* UIImageView+DTBKit.swift */; };
		5BCB985228038DA98D80924F /* Int+DTBKit.swift in Sources */ = {isa = PBXBuildFile; fileRef = 78775B07CCC6B6E13A0F0C3E /* Int+DTBKit.swift */; };
		65AEEE97829480DA5C9E40A6 /* String+DTBKit.swift in Sources */ = {isa = PBXBuildFile; fileRef = F087EA866D5E09B8CFAAFB27 /* String+DTBKit.swift */; };
		66F19A1005CEDC2EDDBFDF6A /* Exported.swift in Sources */ = {isa = PBXBuildFile; fileRef = 8CB035E2CD0BB15B35B6ADEC /* Exported.swift */; };
		687D000EFF0C56DC759F50E9 /* UILabel+Chain.swift in Sources */ = {isa = PBXBuildFile; fileRef = 5E88300ECEBE39F6A7315BED /* UILabel+Chain.swift */; };
		7CF58AE26EC8F27ABBC74059 /* HomeViewController.swift in Sources */ = {isa = PBXBuildFile; fileRef = AB470419225C0F4E263C23C7 /* HomeViewController.swift */; };
		8DD734649787D05EF6D0203A /* EdgeLabel.swift in Sources */ = {isa = PBXBuildFile; fileRef = 5AA75639F4BCCE3CFCB62F65 /* EdgeLabel.swift */; };
		996CFED17A4B1BDD6EE9648A /* DTBKit.swift in Sources */ = {isa = PBXBuildFile; fileRef = 00EC983BB0CCCB17419FBFBA /* DTBKit.swift */; };
		A1348D0AEC21FEC0D41CBBE1 /* Launch Screen.storyboard in Resources */ = {isa = PBXBuildFile; fileRef = C1E7982283574061EF2C6745 /* Launch Screen.storyboard */; };
		A735232D860682E7B7E7ECB0 /* Images.xcassets in Resources */ = {isa = PBXBuildFile; fileRef = F814B4B829198871353120F8 /* Images.xcassets */; };
		A9DE99B858E334528346CE4B /* AlertAnimation.swift in Sources */ = {isa = PBXBuildFile; fileRef = 6ABA054619FB46334287D932 /* AlertAnimation.swift */; };
		AB3E36DAA3E1FB94F7E84874 /* CGRect+DTBKit.swift in Sources */ = {isa = PBXBuildFile; fileRef = E88629093E8C4B902768DC1C /* CGRect+DTBKit.swift */; };
		AB6CE0D0B8FAB93B0A7DDCED /* README.zh-CN.md in Resources */ = {isa = PBXBuildFile; fileRef = 87450B16048921C68D6A5A10 /* README.zh-CN.md */; };
		ACE6BAC40FBC6503D94CB4FC /* ui-kit.xcassets in Resources */ = {isa = PBXBuildFile; fileRef = 5C32B3577F677B75582FDB7F /* ui-kit.xcassets */; };
		B3B9577BA8721D8698D7CF5D /* basic.xcassets in Resources */ = {isa = PBXBuildFile; fileRef = 881598D80582636EC3A51695 /* basic.xcassets */; };
		B4490CC1C699377594B729EE /* IntegerTests.swift in Sources */ = {isa = PBXBuildFile; fileRef = C2AA24A241C15C9783146849 /* IntegerTests.swift */; };
		B4979343C4171B58E6BFF314 /* NSMutableAttributedString+Chain.swift in Sources */ = {isa = PBXBuildFile; fileRef = 17A562C6C277EE5270A1D73B /* NSMutableAttributedString+Chain.swift */; };
		BDBB8C6B4588D4721BBE6CE5 /* README.md in Resources */ = {isa = PBXBuildFile; fileRef = D9099D1384E801AE7056DEE1 /* README.md */; };
		BDFC548F0038EC9D9C51EF87 /* NSMutableParagraphStyle+Chain.swift in Sources */ = {isa = PBXBuildFile; fileRef = D39103496B9BBE2F9D493523 /* NSMutableParagraphStyle+Chain.swift */; };
		C09CF354446DF8B9AFCEAF08 /* CGSize+DTBKit.swift in Sources */ = {isa = PBXBuildFile; fileRef = 3B1DC9D4C9D135658E78C968 /* CGSize+DTBKit.swift */; };
		CAC48BEDAFE348570CABBF36 /* ArrayTests.swift in Sources */ = {isa = PBXBuildFile; fileRef = 0453409D1C44E09800DD04FC /* ArrayTests.swift */; };
		CCF1345781F9925C0D218A07 /* UIView+DTBKit.swift in Sources */ = {isa = PBXBuildFile; fileRef = E86F5D90CCEE5233CDCC8FEF /* UIView+DTBKit.swift */; };
		D95BC46FA0D8EC0986C59BF8 /* DTBStatics.swift in Sources */ = {isa = PBXBuildFile; fileRef = 643C0D6EE99781EBB2520DCF /* DTBStatics.swift */; };
		DD7375F5628A1A444D8B7C17 /* UIViewController+DTBKit.swift in Sources */ = {isa = PBXBuildFile; fileRef = 9F630BA642462333777F345D /* UIViewController+DTBKit.swift */; };
		E540AD66DBB179688BC7ED31 /* UIImage+DTBKit.swift in Sources */ = {isa = PBXBuildFile; fileRef = F0194B484DDF428C20847439 /* UIImage+DTBKit.swift */; };
		F0DF8FB310522AE490A072EC /* NumberFormatter+Chain.swift in Sources */ = {isa = PBXBuildFile; fileRef = 6B6A36E32E026E46E5902A8A /* NumberFormatter+Chain.swift */; };
		F91B539AA53E30580B143CF6 /* CGSize+Chain.swift in Sources */ = {isa = PBXBuildFile; fileRef = 230B3C99742036C71DE105FA /* CGSize+Chain.swift */; };
		FCA935EAAE7899139DF2925E /* UIButton+DTBKit.swift in Sources */ = {isa = PBXBuildFile; fileRef = 1BC5A9712C90E46F7419CFA9 /* UIButton+DTBKit.swift */; };
		FD226C822096E72DA8C373FA /* DemoNavigationView.swift in Sources */ = {isa = PBXBuildFile; fileRef = DA191678C2B68D0C9BDC1380 /* DemoNavigationView.swift */; };
/* End PBXBuildFile section */

/* Begin PBXContainerItemProxy section */
		EFD9591CC3112BB40A6D4E18 /* PBXContainerItemProxy */ = {
			isa = PBXContainerItemProxy;
			containerPortal = 7A0FBC3983CF660459D6BF32 /* Project object */;
			proxyType = 1;
			remoteGlobalIDString = EEE68BB394FCFB28048E1B92;
			remoteInfo = DTBKit_Example;
		};
/* End PBXContainerItemProxy section */

/* Begin PBXFileReference section */
		00EC983BB0CCCB17419FBFBA /* DTBKit.swift */ = {isa = PBXFileReference; lastKnownFileType = sourcecode.swift; name = DTBKit.swift; path = ../DTBKit/DTBKit.swift; sourceTree = "<group>"; };
		0453409D1C44E09800DD04FC /* ArrayTests.swift */ = {isa = PBXFileReference; lastKnownFileType = sourcecode.swift; path = ArrayTests.swift; sourceTree = "<group>"; };
		17A562C6C277EE5270A1D73B /* NSMutableAttributedString+Chain.swift */ = {isa = PBXFileReference; lastKnownFileType = sourcecode.swift; path = "NSMutableAttributedString+Chain.swift"; sourceTree = "<group>"; };
		1BC5A9712C90E46F7419CFA9 /* UIButton+DTBKit.swift */ = {isa = PBXFileReference; lastKnownFileType = sourcecode.swift; path = "UIButton+DTBKit.swift"; sourceTree = "<group>"; };
		230B3C99742036C71DE105FA /* CGSize+Chain.swift */ = {isa = PBXFileReference; lastKnownFileType = sourcecode.swift; path = "CGSize+Chain.swift"; sourceTree = "<group>"; };
		271C5701FBC0F1C84F6316FA /* .gitkeep */ = {isa = PBXFileReference; path = .gitkeep; sourceTree = "<group>"; };
		2FE6BEDEB0816C6E8EAE8759 /* Array+DTBKit.swift */ = {isa = PBXFileReference; lastKnownFileType = sourcecode.swift; path = "Array+DTBKit.swift"; sourceTree = "<group>"; };
		3920D423B2F0AF2570827977 /* UIImageView+DTBKit.swift */ = {isa = PBXFileReference; lastKnownFileType = sourcecode.swift; path = "UIImageView+DTBKit.swift"; sourceTree = "<group>"; };
		3B1DC9D4C9D135658E78C968 /* CGSize+DTBKit.swift */ = {isa = PBXFileReference; lastKnownFileType = sourcecode.swift; path = "CGSize+DTBKit.swift"; sourceTree = "<group>"; };
		3C7D3B41655E7FCD0EEE3DDE /* DTBKit.podspec */ = {isa = PBXFileReference; name = DTBKit.podspec; path = ../DTBKit.podspec; sourceTree = "<group>"; };
		452D7A04FD4584ED7C2FA3DA /* Double+DTBKit.swift */ = {isa = PBXFileReference; lastKnownFileType = sourcecode.swift; path = "Double+DTBKit.swift"; sourceTree = "<group>"; };
		54BD5C55351302310A3F9EFF /* NumberFormatter+DTBKit.swift */ = {isa = PBXFileReference; lastKnownFileType = sourcecode.swift; path = "NumberFormatter+DTBKit.swift"; sourceTree = "<group>"; };
		5AA75639F4BCCE3CFCB62F65 /* EdgeLabel.swift */ = {isa = PBXFileReference; lastKnownFileType = sourcecode.swift; path = EdgeLabel.swift; sourceTree = "<group>"; };
		5C32B3577F677B75582FDB7F /* ui-kit.xcassets */ = {isa = PBXFileReference; lastKnownFileType = folder.assetcatalog; path = "ui-kit.xcassets"; sourceTree = "<group>"; };
		5CB2DD6CA4844FF1685076F3 /* XMAdapter.swift */ = {isa = PBXFileReference; lastKnownFileType = sourcecode.swift; path = XMAdapter.swift; sourceTree = "<group>"; };
		5E640FCA5DA1C76456068E49 /* Podfile */ = {isa = PBXFileReference; path = Podfile; sourceTree = "<group>"; };
		5E88300ECEBE39F6A7315BED /* UILabel+Chain.swift */ = {isa = PBXFileReference; lastKnownFileType = sourcecode.swift; path = "UILabel+Chain.swift"; sourceTree = "<group>"; };
		643C0D6EE99781EBB2520DCF /* DTBStatics.swift */ = {isa = PBXFileReference; lastKnownFileType = sourcecode.swift; path = DTBStatics.swift; sourceTree = "<group>"; };
		679CABB45C3586EDF31B9C80 /* Dictionary+DTBKit.swift */ = {isa = PBXFileReference; lastKnownFileType = sourcecode.swift; path = "Dictionary+DTBKit.swift"; sourceTree = "<group>"; };
		6ABA054619FB46334287D932 /* AlertAnimation.swift */ = {isa = PBXFileReference; lastKnownFileType = sourcecode.swift; path = AlertAnimation.swift; sourceTree = "<group>"; };
		6B6A36E32E026E46E5902A8A /* NumberFormatter+Chain.swift */ = {isa = PBXFileReference; lastKnownFileType = sourcecode.swift; path = "NumberFormatter+Chain.swift"; sourceTree = "<group>"; };
		70B7C80B5F60A9B0123B9530 /* project.yml */ = {isa = PBXFileReference; lastKnownFileType = text.yaml; path = project.yml; sourceTree = "<group>"; };
		76F0BA395FE35F6B3FE4809A /* .gitkeep */ = {isa = PBXFileReference; path = .gitkeep; sourceTree = "<group>"; };
		7830E622F04A3AA897816301 /* MathTests.swift */ = {isa = PBXFileReference; lastKnownFileType = sourcecode.swift; path = MathTests.swift; sourceTree = "<group>"; };
		78775B07CCC6B6E13A0F0C3E /* Int+DTBKit.swift */ = {isa = PBXFileReference; lastKnownFileType = sourcecode.swift; path = "Int+DTBKit.swift"; sourceTree = "<group>"; };
		7E7AF5AB1220AB72A70116B7 /* NSMutableAttributedString+DTBKit.swift */ = {isa = PBXFileReference; lastKnownFileType = sourcecode.swift; path = "NSMutableAttributedString+DTBKit.swift"; sourceTree = "<group>"; };
		87450B16048921C68D6A5A10 /* README.zh-CN.md */ = {isa = PBXFileReference; lastKnownFileType = net.daringfireball.markdown; name = "README.zh-CN.md"; path = "../README.zh-CN.md"; sourceTree = "<group>"; };
		881598D80582636EC3A51695 /* basic.xcassets */ = {isa = PBXFileReference; lastKnownFileType = folder.assetcatalog; path = basic.xcassets; sourceTree = "<group>"; };
		8CB035E2CD0BB15B35B6ADEC /* Exported.swift */ = {isa = PBXFileReference; lastKnownFileType = sourcecode.swift; path = Exported.swift; sourceTree = "<group>"; };
		8DC825259B4A2BC75D4CAEBE /* DemoEntry.swift */ = {isa = PBXFileReference; lastKnownFileType = sourcecode.swift; path = DemoEntry.swift; sourceTree = "<group>"; };
		8E8A62935A2045157D726ABE /* Int+XMKit.swift */ = {isa = PBXFileReference; lastKnownFileType = sourcecode.swift; path = "Int+XMKit.swift"; sourceTree = "<group>"; };
		9F630BA642462333777F345D /* UIViewController+DTBKit.swift */ = {isa = PBXFileReference; lastKnownFileType = sourcecode.swift; path = "UIViewController+DTBKit.swift"; sourceTree = "<group>"; };
		A94332BD9942E3A20F8AC621 /* DTBKit_Example.app */ = {isa = PBXFileReference; includeInIndex = 0; lastKnownFileType = wrapper.application; path = DTBKit_Example.app; sourceTree = BUILT_PRODUCTS_DIR; };
		AB470419225C0F4E263C23C7 /* HomeViewController.swift */ = {isa = PBXFileReference; lastKnownFileType = sourcecode.swift; path = HomeViewController.swift; sourceTree = "<group>"; };
		AD3822F1BFE14ECBE1DF3A18 /* LICENSE */ = {isa = PBXFileReference; name = LICENSE; path = ../LICENSE; sourceTree = "<group>"; };
		AFA7EEC678FE600F8E16EA02 /* UIColor+DTBKit.swift */ = {isa = PBXFileReference; lastKnownFileType = sourcecode.swift; path = "UIColor+DTBKit.swift"; sourceTree = "<group>"; };
		BD38C5FAE384D56B19938045 /* SimpleVisualViewController.swift */ = {isa = PBXFileReference; lastKnownFileType = sourcecode.swift; path = SimpleVisualViewController.swift; sourceTree = "<group>"; };
		C1E7982283574061EF2C6745 /* Launch Screen.storyboard */ = {isa = PBXFileReference; lastKnownFileType = file.storyboard; path = "Launch Screen.storyboard"; sourceTree = "<group>"; };
		C25FD8787B72EC0EF28984D2 /* DTBBasicTests.swift */ = {isa = PBXFileReference; lastKnownFileType = sourcecode.swift; path = DTBBasicTests.swift; sourceTree = "<group>"; };
		C2AA24A241C15C9783146849 /* IntegerTests.swift */ = {isa = PBXFileReference; lastKnownFileType = sourcecode.swift; path = IntegerTests.swift; sourceTree = "<group>"; };
		CDAF59F97655EB8E78958AD5 /* AppDelegate.swift */ = {isa = PBXFileReference; lastKnownFileType = sourcecode.swift; path = AppDelegate.swift; sourceTree = "<group>"; };
		D0CC7E4BC0D722C73D42D9F6 /* NSAttributedStringKey+Chain.swift */ = {isa = PBXFileReference; lastKnownFileType = sourcecode.swift; path = "NSAttributedStringKey+Chain.swift"; sourceTree = "<group>"; };
		D39103496B9BBE2F9D493523 /* NSMutableParagraphStyle+Chain.swift */ = {isa = PBXFileReference; lastKnownFileType = sourcecode.swift; path = "NSMutableParagraphStyle+Chain.swift"; sourceTree = "<group>"; };
		D532AC4ECE58C61452330FE6 /* UIView+Chain.swift */ = {isa = PBXFileReference; lastKnownFileType = sourcecode.swift; path = "UIView+Chain.swift"; sourceTree = "<group>"; };
		D9099D1384E801AE7056DEE1 /* README.md */ = {isa = PBXFileReference; lastKnownFileType = net.daringfireball.markdown; name = README.md; path = ../README.md; sourceTree = "<group>"; };
		DA191678C2B68D0C9BDC1380 /* DemoNavigationView.swift */ = {isa = PBXFileReference; lastKnownFileType = sourcecode.swift; path = DemoNavigationView.swift; sourceTree = "<group>"; };
		E86F5D90CCEE5233CDCC8FEF /* UIView+DTBKit.swift */ = {isa = PBXFileReference; lastKnownFileType = sourcecode.swift; path = "UIView+DTBKit.swift"; sourceTree = "<group>"; };
		E88629093E8C4B902768DC1C /* CGRect+DTBKit.swift */ = {isa = PBXFileReference; lastKnownFileType = sourcecode.swift; path = "CGRect+DTBKit.swift"; sourceTree = "<group>"; };
		F0194B484DDF428C20847439 /* UIImage+DTBKit.swift */ = {isa = PBXFileReference; lastKnownFileType = sourcecode.swift; path = "UIImage+DTBKit.swift"; sourceTree = "<group>"; };
		F07719E41192E51E26324668 /* Info.plist */ = {isa = PBXFileReference; lastKnownFileType = text.plist; path = Info.plist; sourceTree = "<group>"; };
		F087EA866D5E09B8CFAAFB27 /* String+DTBKit.swift */ = {isa = PBXFileReference; lastKnownFileType = sourcecode.swift; path = "String+DTBKit.swift"; sourceTree = "<group>"; };
		F2DCF0C710372F5B71633BAC /* .gitkeep */ = {isa = PBXFileReference; path = .gitkeep; sourceTree = "<group>"; };
		F6725B6655AC6711A2CD4342 /* DTBKit_Tests.xctest */ = {isa = PBXFileReference; includeInIndex = 0; lastKnownFileType = wrapper.cfbundle; path = DTBKit_Tests.xctest; sourceTree = BUILT_PRODUCTS_DIR; };
		F814B4B829198871353120F8 /* Images.xcassets */ = {isa = PBXFileReference; lastKnownFileType = folder.assetcatalog; path = Images.xcassets; sourceTree = "<group>"; };
		F844CDDAD65845C4757E1A27 /* UIWindow+DTBKit.swift */ = {isa = PBXFileReference; lastKnownFileType = sourcecode.swift; path = "UIWindow+DTBKit.swift"; sourceTree = "<group>"; };
		FA92A28BC222C5268E1F2F70 /* DemoContentView.swift */ = {isa = PBXFileReference; lastKnownFileType = sourcecode.swift; path = DemoContentView.swift; sourceTree = "<group>"; };
/* End PBXFileReference section */

/* Begin PBXGroup section */
		0EA38C81F61EF6BC4C2C2D86 /* BasicTests */ = {
			isa = PBXGroup;
			children = (
				0453409D1C44E09800DD04FC /* ArrayTests.swift */,
				C25FD8787B72EC0EF28984D2 /* DTBBasicTests.swift */,
				C2AA24A241C15C9783146849 /* IntegerTests.swift */,
				7830E622F04A3AA897816301 /* MathTests.swift */,
			);
			name = BasicTests;
			path = ../DTBKit/BasicTests;
			sourceTree = "<group>";
		};
		128CE0D5562F0055DF8376EC /* Basic */ = {
			isa = PBXGroup;
			children = (
				76F0BA395FE35F6B3FE4809A /* .gitkeep */,
				2FE6BEDEB0816C6E8EAE8759 /* Array+DTBKit.swift */,
				E88629093E8C4B902768DC1C /* CGRect+DTBKit.swift */,
				3B1DC9D4C9D135658E78C968 /* CGSize+DTBKit.swift */,
				679CABB45C3586EDF31B9C80 /* Dictionary+DTBKit.swift */,
				452D7A04FD4584ED7C2FA3DA /* Double+DTBKit.swift */,
				643C0D6EE99781EBB2520DCF /* DTBStatics.swift */,
				78775B07CCC6B6E13A0F0C3E /* Int+DTBKit.swift */,
				7E7AF5AB1220AB72A70116B7 /* NSMutableAttributedString+DTBKit.swift */,
				54BD5C55351302310A3F9EFF /* NumberFormatter+DTBKit.swift */,
				F087EA866D5E09B8CFAAFB27 /* String+DTBKit.swift */,
				1BC5A9712C90E46F7419CFA9 /* UIButton+DTBKit.swift */,
				AFA7EEC678FE600F8E16EA02 /* UIColor+DTBKit.swift */,
				F0194B484DDF428C20847439 /* UIImage+DTBKit.swift */,
				3920D423B2F0AF2570827977 /* UIImageView+DTBKit.swift */,
				E86F5D90CCEE5233CDCC8FEF /* UIView+DTBKit.swift */,
				9F630BA642462333777F345D /* UIViewController+DTBKit.swift */,
				F844CDDAD65845C4757E1A27 /* UIWindow+DTBKit.swift */,
				70EE1D7ACBA92C26E5F5BF94 /* Chainable */,
			);
			name = Basic;
			path = ../DTBKit/Basic;
			sourceTree = "<group>";
		};
		143D382ADE74995B70BEB580 /* TransAnimate */ = {
			isa = PBXGroup;
			children = (
				6ABA054619FB46334287D932 /* AlertAnimation.swift */,
			);
			path = TransAnimate;
			sourceTree = "<group>";
		};
		3CF4BA5C21F365DBA62A397F /* UIKit */ = {
			isa = PBXGroup;
			children = (
				F2DCF0C710372F5B71633BAC /* .gitkeep */,
				5AA75639F4BCCE3CFCB62F65 /* EdgeLabel.swift */,
				143D382ADE74995B70BEB580 /* TransAnimate */,
			);
			name = UIKit;
			path = ../DTBKit/UIKit;
			sourceTree = "<group>";
		};
		70EE1D7ACBA92C26E5F5BF94 /* Chainable */ = {
			isa = PBXGroup;
			children = (
				230B3C99742036C71DE105FA /* CGSize+Chain.swift */,
				D0CC7E4BC0D722C73D42D9F6 /* NSAttributedStringKey+Chain.swift */,
				17A562C6C277EE5270A1D73B /* NSMutableAttributedString+Chain.swift */,
				D39103496B9BBE2F9D493523 /* NSMutableParagraphStyle+Chain.swift */,
				6B6A36E32E026E46E5902A8A /* NumberFormatter+Chain.swift */,
				5E88300ECEBE39F6A7315BED /* UILabel+Chain.swift */,
				D532AC4ECE58C61452330FE6 /* UIView+Chain.swift */,
			);
			path = Chainable;
			sourceTree = "<group>";
		};
		88030DA478C3BC8517A7C58D /* Source Codes */ = {
			isa = PBXGroup;
			children = (
				00EC983BB0CCCB17419FBFBA /* DTBKit.swift */,
				128CE0D5562F0055DF8376EC /* Basic */,
				3CF4BA5C21F365DBA62A397F /* UIKit */,
			);
			name = "Source Codes";
			sourceTree = "<group>";
		};
		8B751F8645EE2A075856B6D1 /* DTBKit */ = {
			isa = PBXGroup;
			children = (
				CDAF59F97655EB8E78958AD5 /* AppDelegate.swift */,
				8DC825259B4A2BC75D4CAEBE /* DemoEntry.swift */,
				8CB035E2CD0BB15B35B6ADEC /* Exported.swift */,
				AB470419225C0F4E263C23C7 /* HomeViewController.swift */,
				F814B4B829198871353120F8 /* Images.xcassets */,
				F07719E41192E51E26324668 /* Info.plist */,
				C1E7982283574061EF2C6745 /* Launch Screen.storyboard */,
				8FDBCC3AAE2C80787FD33853 /* DemoMenuUI */,
				B71E3ADCD2777C6D80D7ECAE /* XMExtension */,
			);
			path = DTBKit;
			sourceTree = "<group>";
		};
		8FDBCC3AAE2C80787FD33853 /* DemoMenuUI */ = {
			isa = PBXGroup;
			children = (
				FA92A28BC222C5268E1F2F70 /* DemoContentView.swift */,
				DA191678C2B68D0C9BDC1380 /* DemoNavigationView.swift */,
				BD38C5FAE384D56B19938045 /* SimpleVisualViewController.swift */,
			);
			path = DemoMenuUI;
			sourceTree = "<group>";
		};
		9F12C675ED584F082B757A84 /* Products */ = {
			isa = PBXGroup;
			children = (
				A94332BD9942E3A20F8AC621 /* DTBKit_Example.app */,
				F6725B6655AC6711A2CD4342 /* DTBKit_Tests.xctest */,
			);
			name = Products;
			sourceTree = "<group>";
		};
		A02F3074E9FA30B17137A40B /* Assets */ = {
			isa = PBXGroup;
			children = (
				271C5701FBC0F1C84F6316FA /* .gitkeep */,
				881598D80582636EC3A51695 /* basic.xcassets */,
				5C32B3577F677B75582FDB7F /* ui-kit.xcassets */,
			);
			name = Assets;
			path = ../DTBKit/Assets;
			sourceTree = "<group>";
		};
		B71E3ADCD2777C6D80D7ECAE /* XMExtension */ = {
			isa = PBXGroup;
			children = (
				8E8A62935A2045157D726ABE /* Int+XMKit.swift */,
				5CB2DD6CA4844FF1685076F3 /* XMAdapter.swift */,
			);
			path = XMExtension;
			sourceTree = "<group>";
		};
		BC12DD552C2444C5241138E9 = {
			isa = PBXGroup;
			children = (
				D4AD1857E48DF31880954735 /* Examples */,
				FE361C91F82EDA0008C24741 /* Metadata */,
				DBE214345037E502D7EC1111 /* Resources */,
				88030DA478C3BC8517A7C58D /* Source Codes */,
				C4299C39FE41BDD991CA453B /* Unit Tests */,
				9F12C675ED584F082B757A84 /* Products */,
			);
			sourceTree = "<group>";
		};
		C4299C39FE41BDD991CA453B /* Unit Tests */ = {
			isa = PBXGroup;
			children = (
				0EA38C81F61EF6BC4C2C2D86 /* BasicTests */,
			);
			name = "Unit Tests";
			sourceTree = "<group>";
		};
		D4AD1857E48DF31880954735 /* Examples */ = {
			isa = PBXGroup;
			children = (
				8B751F8645EE2A075856B6D1 /* DTBKit */,
			);
			name = Examples;
			sourceTree = "<group>";
		};
		DBE214345037E502D7EC1111 /* Resources */ = {
			isa = PBXGroup;
			children = (
				A02F3074E9FA30B17137A40B /* Assets */,
			);
			name = Resources;
			sourceTree = "<group>";
		};
		FE361C91F82EDA0008C24741 /* Metadata */ = {
			isa = PBXGroup;
			children = (
				3C7D3B41655E7FCD0EEE3DDE /* DTBKit.podspec */,
				AD3822F1BFE14ECBE1DF3A18 /* LICENSE */,
				5E640FCA5DA1C76456068E49 /* Podfile */,
				70B7C80B5F60A9B0123B9530 /* project.yml */,
				D9099D1384E801AE7056DEE1 /* README.md */,
				87450B16048921C68D6A5A10 /* README.zh-CN.md */,
			);
			name = Metadata;
			sourceTree = "<group>";
		};
/* End PBXGroup section */

/* Begin PBXNativeTarget section */
		5AA8AA7D09F9746BCF01DD0D /* DTBKit_Tests */ = {
			isa = PBXNativeTarget;
			buildConfigurationList = A81850527FF4ABBC63C4D6E7 /* Build configuration list for PBXNativeTarget "DTBKit_Tests" */;
			buildPhases = (
				C0AFD5C0C6B473CB724DF1AD /* Sources */,
			);
			buildRules = (
			);
			dependencies = (
				0CD34C3FE6543DD3AA4728AD /* PBXTargetDependency */,
			);
			name = DTBKit_Tests;
			productName = DTBKit_Tests;
			productReference = F6725B6655AC6711A2CD4342 /* DTBKit_Tests.xctest */;
			productType = "com.apple.product-type.bundle.unit-test";
		};
		EEE68BB394FCFB28048E1B92 /* DTBKit_Example */ = {
			isa = PBXNativeTarget;
			buildConfigurationList = F1F58F71037EE1DBDB0C6ADC /* Build configuration list for PBXNativeTarget "DTBKit_Example" */;
			buildPhases = (
				1189F6771834ACEE127E70C3 /* Sources */,
				6055D51056365702E0FA6C1C /* Resources */,
			);
			buildRules = (
			);
			dependencies = (
			);
			name = DTBKit_Example;
			productName = DTBKit_Example;
			productReference = A94332BD9942E3A20F8AC621 /* DTBKit_Example.app */;
			productType = "com.apple.product-type.application";
		};
/* End PBXNativeTarget section */

/* Begin PBXProject section */
		7A0FBC3983CF660459D6BF32 /* Project object */ = {
			isa = PBXProject;
			attributes = {
				LastUpgradeCheck = 1200;
				ORGANIZATIONNAME = darkThanBlack;
				TargetAttributes = {
				};
			};
			buildConfigurationList = 37C9BF844CAB5607F72F8B75 /* Build configuration list for PBXProject "DTBKit" */;
			compatibilityVersion = "Xcode 10.0";
			developmentRegion = en;
			hasScannedForEncodings = 0;
			knownRegions = (
				Base,
				en,
			);
			mainGroup = BC12DD552C2444C5241138E9;
			projectDirPath = "";
			projectRoot = "";
			targets = (
				EEE68BB394FCFB28048E1B92 /* DTBKit_Example */,
				5AA8AA7D09F9746BCF01DD0D /* DTBKit_Tests */,
			);
		};
/* End PBXProject section */

/* Begin PBXResourcesBuildPhase section */
		6055D51056365702E0FA6C1C /* Resources */ = {
			isa = PBXResourcesBuildPhase;
			buildActionMask = 2147483647;
			files = (
				0C1A172E134B1257FB303B8A /* DTBKit.podspec in Resources */,
				A735232D860682E7B7E7ECB0 /* Images.xcassets in Resources */,
				A1348D0AEC21FEC0D41CBBE1 /* Launch Screen.storyboard in Resources */,
				BDBB8C6B4588D4721BBE6CE5 /* README.md in Resources */,
				AB6CE0D0B8FAB93B0A7DDCED /* README.zh-CN.md in Resources */,
				B3B9577BA8721D8698D7CF5D /* basic.xcassets in Resources */,
				0D95639B99F2A5832783FEF1 /* project.yml in Resources */,
				ACE6BAC40FBC6503D94CB4FC /* ui-kit.xcassets in Resources */,
			);
			runOnlyForDeploymentPostprocessing = 0;
		};
/* End PBXResourcesBuildPhase section */

/* Begin PBXSourcesBuildPhase section */
		1189F6771834ACEE127E70C3 /* Sources */ = {
			isa = PBXSourcesBuildPhase;
			buildActionMask = 2147483647;
			files = (
				A9DE99B858E334528346CE4B /* AlertAnimation.swift in Sources */,
				0169083FFEF6AE744A5BDE01 /* AppDelegate.swift in Sources */,
				2A0D4B06DD0C14E942474621 /* Array+DTBKit.swift in Sources */,
				AB3E36DAA3E1FB94F7E84874 /* CGRect+DTBKit.swift in Sources */,
				F91B539AA53E30580B143CF6 /* CGSize+Chain.swift in Sources */,
				C09CF354446DF8B9AFCEAF08 /* CGSize+DTBKit.swift in Sources */,
				996CFED17A4B1BDD6EE9648A /* DTBKit.swift in Sources */,
				D95BC46FA0D8EC0986C59BF8 /* DTBStatics.swift in Sources */,
				26BBB83FC4DA650DDC3329EC /* DemoContentView.swift in Sources */,
				3AC23554A53955C5AF50A390 /* DemoEntry.swift in Sources */,
				FD226C822096E72DA8C373FA /* DemoNavigationView.swift in Sources */,
				1D203217D1EBA6FACF2FD671 /* Dictionary+DTBKit.swift in Sources */,
				368DD732FE809B9FAD578381 /* Double+DTBKit.swift in Sources */,
				8DD734649787D05EF6D0203A /* EdgeLabel.swift in Sources */,
				66F19A1005CEDC2EDDBFDF6A /* Exported.swift in Sources */,
				7CF58AE26EC8F27ABBC74059 /* HomeViewController.swift in Sources */,
				5BCB985228038DA98D80924F /* Int+DTBKit.swift in Sources */,
				4897D1F22628757CD19CB981 /* Int+XMKit.swift in Sources */,
				4318BD66476CAAFE74EFD451 /* NSAttributedStringKey+Chain.swift in Sources */,
				B4979343C4171B58E6BFF314 /* NSMutableAttributedString+Chain.swift in Sources */,
				53BD75727274479779BF7138 /* NSMutableAttributedString+DTBKit.swift in Sources */,
				BDFC548F0038EC9D9C51EF87 /* NSMutableParagraphStyle+Chain.swift in Sources */,
				F0DF8FB310522AE490A072EC /* NumberFormatter+Chain.swift in Sources */,
				1555696D2D62F9EF5EBE4689 /* NumberFormatter+DTBKit.swift in Sources */,
				3A9B01ED6B8CAEC69307A5D3 /* SimpleVisualViewController.swift in Sources */,
				65AEEE97829480DA5C9E40A6 /* String+DTBKit.swift in Sources */,
				FCA935EAAE7899139DF2925E /* UIButton+DTBKit.swift in Sources */,
				52777B04645E9A128E126F11 /* UIColor+DTBKit.swift in Sources */,
				E540AD66DBB179688BC7ED31 /* UIImage+DTBKit.swift in Sources */,
				547A791C29AA5B169C3E2C6A /* UIImageView+DTBKit.swift in Sources */,
				687D000EFF0C56DC759F50E9 /* UILabel+Chain.swift in Sources */,
				08C96E3F7C64BD81F741AE53 /* UIView+Chain.swift in Sources */,
				CCF1345781F9925C0D218A07 /* UIView+DTBKit.swift in Sources */,
				DD7375F5628A1A444D8B7C17 /* UIViewController+DTBKit.swift in Sources */,
				1272A31D6B8FC5BA507F445D /* UIWindow+DTBKit.swift in Sources */,
				3DF7D12F1C41FCDADB1EEBCA /* XMAdapter.swift in Sources */,
			);
			runOnlyForDeploymentPostprocessing = 0;
		};
		C0AFD5C0C6B473CB724DF1AD /* Sources */ = {
			isa = PBXSourcesBuildPhase;
			buildActionMask = 2147483647;
			files = (
				CAC48BEDAFE348570CABBF36 /* ArrayTests.swift in Sources */,
				3DBFB3F32E6F295E6FD488F2 /* DTBBasicTests.swift in Sources */,
				B4490CC1C699377594B729EE /* IntegerTests.swift in Sources */,
				0A6653C7305C8353C7E61FEA /* MathTests.swift in Sources */,
			);
			runOnlyForDeploymentPostprocessing = 0;
		};
/* End PBXSourcesBuildPhase section */

/* Begin PBXTargetDependency section */
		0CD34C3FE6543DD3AA4728AD /* PBXTargetDependency */ = {
			isa = PBXTargetDependency;
			target = EEE68BB394FCFB28048E1B92 /* DTBKit_Example */;
			targetProxy = EFD9591CC3112BB40A6D4E18 /* PBXContainerItemProxy */;
		};
/* End PBXTargetDependency section */

/* Begin XCBuildConfiguration section */
		2C1E80B4CC32239F3DA4EC1F /* Debug */ = {
			isa = XCBuildConfiguration;
			buildSettings = {
				ALWAYS_SEARCH_USER_PATHS = NO;
				CLANG_ANALYZER_NONNULL = YES;
				CLANG_ANALYZER_NUMBER_OBJECT_CONVERSION = YES_AGGRESSIVE;
				CLANG_CXX_LANGUAGE_STANDARD = "gnu++14";
				CLANG_CXX_LIBRARY = "libc++";
				CLANG_ENABLE_MODULES = YES;
				CLANG_ENABLE_OBJC_ARC = YES;
				CLANG_ENABLE_OBJC_WEAK = YES;
				CLANG_WARN_BLOCK_CAPTURE_AUTORELEASING = YES;
				CLANG_WARN_BOOL_CONVERSION = YES;
				CLANG_WARN_COMMA = YES;
				CLANG_WARN_CONSTANT_CONVERSION = YES;
				CLANG_WARN_DEPRECATED_OBJC_IMPLEMENTATIONS = YES;
				CLANG_WARN_DIRECT_OBJC_ISA_USAGE = YES_ERROR;
				CLANG_WARN_DOCUMENTATION_COMMENTS = YES;
				CLANG_WARN_EMPTY_BODY = YES;
				CLANG_WARN_ENUM_CONVERSION = YES;
				CLANG_WARN_INFINITE_RECURSION = YES;
				CLANG_WARN_INT_CONVERSION = YES;
				CLANG_WARN_NON_LITERAL_NULL_CONVERSION = YES;
				CLANG_WARN_OBJC_IMPLICIT_RETAIN_SELF = YES;
				CLANG_WARN_OBJC_LITERAL_CONVERSION = YES;
				CLANG_WARN_OBJC_ROOT_CLASS = YES_ERROR;
				CLANG_WARN_QUOTED_INCLUDE_IN_FRAMEWORK_HEADER = YES;
				CLANG_WARN_RANGE_LOOP_ANALYSIS = YES;
				CLANG_WARN_STRICT_PROTOTYPES = YES;
				CLANG_WARN_SUSPICIOUS_MOVE = YES;
				CLANG_WARN_UNGUARDED_AVAILABILITY = YES_AGGRESSIVE;
				CLANG_WARN_UNREACHABLE_CODE = YES;
				CLANG_WARN__DUPLICATE_METHOD_MATCH = YES;
				COPY_PHASE_STRIP = NO;
				DEBUG_INFORMATION_FORMAT = dwarf;
				ENABLE_STRICT_OBJC_MSGSEND = YES;
				ENABLE_TESTABILITY = YES;
				GCC_C_LANGUAGE_STANDARD = gnu11;
				GCC_DYNAMIC_NO_PIC = NO;
				GCC_NO_COMMON_BLOCKS = YES;
				GCC_OPTIMIZATION_LEVEL = 0;
				GCC_PREPROCESSOR_DEFINITIONS = (
					"$(inherited)",
					"DEBUG=1",
				);
				GCC_WARN_64_TO_32_BIT_CONVERSION = YES;
				GCC_WARN_ABOUT_RETURN_TYPE = YES_ERROR;
				GCC_WARN_UNDECLARED_SELECTOR = YES;
				GCC_WARN_UNINITIALIZED_AUTOS = YES_AGGRESSIVE;
				GCC_WARN_UNUSED_FUNCTION = YES;
				GCC_WARN_UNUSED_VARIABLE = YES;
				MTL_ENABLE_DEBUG_INFO = INCLUDE_SOURCE;
				MTL_FAST_MATH = YES;
				ONLY_ACTIVE_ARCH = YES;
				PRODUCT_NAME = "$(TARGET_NAME)";
				SDKROOT = iphoneos;
				SWIFT_ACTIVE_COMPILATION_CONDITIONS = DEBUG;
				SWIFT_OPTIMIZATION_LEVEL = "-Onone";
				SWIFT_VERSION = 5.0;
			};
			name = Debug;
		};
		93028D29BF4010F0087EBCFC /* Debug */ = {
			isa = XCBuildConfiguration;
			buildSettings = {
				BUNDLE_LOADER = "$(TEST_HOST)";
				CLANG_CXX_LANGUAGE_STANDARD = "gnu++20";
				"EXCLUDED_ARCHS[sdk=iphonesimulator*]" = arm64;
				GENERATE_INFOPLIST_FILE = YES;
				IPHONEOS_DEPLOYMENT_TARGET = 10.0;
				LD_RUNPATH_SEARCH_PATHS = (
					"$(inherited)",
					"@executable_path/Frameworks",
					"@loader_path/Frameworks",
				);
				PRODUCT_BUNDLE_IDENTIFIER = org.darkThanBlack.demo.DTBKit;
				PRODUCT_NAME = DTBKit_Tests;
				SDKROOT = iphoneos;
				SWIFT_VERSION = 5.0;
				TARGETED_DEVICE_FAMILY = "1,2";
				TEST_HOST = "$(BUILT_PRODUCTS_DIR)/DTBKit_Example.app/DTBKit_Example";
			};
			name = Debug;
		};
		BAA8C2FA7D56E81C5ABCEC56 /* Release */ = {
			isa = XCBuildConfiguration;
			buildSettings = {
				ALWAYS_EMBED_SWIFT_STANDARD_LIBRARIES = "$(inherited)";
				ASSETCATALOG_COMPILER_APPICON_NAME = AppIcon;
				CODE_SIGN_IDENTITY = "iPhone Developer";
				ENABLE_BITCODE = NO;
				"EXCLUDED_ARCHS[sdk=iphonesimulator*]" = arm64;
				FRAMEWORK_SEARCH_PATHS = (
					"$(inherited)",
					"$(PODS_CONFIGURATION_BUILD_DIR)/DTBKit",
				);
				INFOPLIST_FILE = DTBKit/Info.plist;
				IPHONEOS_DEPLOYMENT_TARGET = 10.0;
				LD_RUNPATH_SEARCH_PATHS = (
					"$(inherited)",
					"@executable_path/Frameworks",
				);
				LIBRARY_SEARCH_PATHS = (
					"$(inherited)",
				);
				OTHER_SWIFT_FLAGS = (
					"$(inherited) -D COCOAPODS -D DTBKitable",
				);
				PRODUCT_BUNDLE_IDENTIFIER = org.darkThanBlack.demo.DTBKit;
				PRODUCT_NAME = DTBKit_Example;
				SDKROOT = iphoneos;
				SWIFT_VERSION = 5.0;
				TARGETED_DEVICE_FAMILY = 1;
				UILaunchStoryboardName = LaunchScreen;
				WARNING_CFLAGS = (
					"-Wno-documentation",
					"-Wno-unguarded-availability",
					"-Wno-strict-prototypes",
					"-Wno-implicit-retain-self",
				);
			};
			name = Release;
		};
		BE325547C199BA36DA76D4CA /* Release */ = {
			isa = XCBuildConfiguration;
			buildSettings = {
				BUNDLE_LOADER = "$(TEST_HOST)";
				CLANG_CXX_LANGUAGE_STANDARD = "gnu++20";
				"EXCLUDED_ARCHS[sdk=iphonesimulator*]" = arm64;
				GENERATE_INFOPLIST_FILE = YES;
				IPHONEOS_DEPLOYMENT_TARGET = 10.0;
				LD_RUNPATH_SEARCH_PATHS = (
					"$(inherited)",
					"@executable_path/Frameworks",
					"@loader_path/Frameworks",
				);
				PRODUCT_BUNDLE_IDENTIFIER = org.darkThanBlack.demo.DTBKit;
				PRODUCT_NAME = DTBKit_Tests;
				SDKROOT = iphoneos;
				SWIFT_VERSION = 5.0;
				TARGETED_DEVICE_FAMILY = "1,2";
				TEST_HOST = "$(BUILT_PRODUCTS_DIR)/DTBKit_Example.app/DTBKit_Example";
			};
			name = Release;
		};
		DEB1CAE98BF36ECE1F19CA49 /* Release */ = {
			isa = XCBuildConfiguration;
			buildSettings = {
				ALWAYS_SEARCH_USER_PATHS = NO;
				CLANG_ANALYZER_NONNULL = YES;
				CLANG_ANALYZER_NUMBER_OBJECT_CONVERSION = YES_AGGRESSIVE;
				CLANG_CXX_LANGUAGE_STANDARD = "gnu++14";
				CLANG_CXX_LIBRARY = "libc++";
				CLANG_ENABLE_MODULES = YES;
				CLANG_ENABLE_OBJC_ARC = YES;
				CLANG_ENABLE_OBJC_WEAK = YES;
				CLANG_WARN_BLOCK_CAPTURE_AUTORELEASING = YES;
				CLANG_WARN_BOOL_CONVERSION = YES;
				CLANG_WARN_COMMA = YES;
				CLANG_WARN_CONSTANT_CONVERSION = YES;
				CLANG_WARN_DEPRECATED_OBJC_IMPLEMENTATIONS = YES;
				CLANG_WARN_DIRECT_OBJC_ISA_USAGE = YES_ERROR;
				CLANG_WARN_DOCUMENTATION_COMMENTS = YES;
				CLANG_WARN_EMPTY_BODY = YES;
				CLANG_WARN_ENUM_CONVERSION = YES;
				CLANG_WARN_INFINITE_RECURSION = YES;
				CLANG_WARN_INT_CONVERSION = YES;
				CLANG_WARN_NON_LITERAL_NULL_CONVERSION = YES;
				CLANG_WARN_OBJC_IMPLICIT_RETAIN_SELF = YES;
				CLANG_WARN_OBJC_LITERAL_CONVERSION = YES;
				CLANG_WARN_OBJC_ROOT_CLASS = YES_ERROR;
				CLANG_WARN_QUOTED_INCLUDE_IN_FRAMEWORK_HEADER = YES;
				CLANG_WARN_RANGE_LOOP_ANALYSIS = YES;
				CLANG_WARN_STRICT_PROTOTYPES = YES;
				CLANG_WARN_SUSPICIOUS_MOVE = YES;
				CLANG_WARN_UNGUARDED_AVAILABILITY = YES_AGGRESSIVE;
				CLANG_WARN_UNREACHABLE_CODE = YES;
				CLANG_WARN__DUPLICATE_METHOD_MATCH = YES;
				COPY_PHASE_STRIP = NO;
				DEBUG_INFORMATION_FORMAT = "dwarf-with-dsym";
				ENABLE_NS_ASSERTIONS = NO;
				ENABLE_STRICT_OBJC_MSGSEND = YES;
				GCC_C_LANGUAGE_STANDARD = gnu11;
				GCC_NO_COMMON_BLOCKS = YES;
				GCC_WARN_64_TO_32_BIT_CONVERSION = YES;
				GCC_WARN_ABOUT_RETURN_TYPE = YES_ERROR;
				GCC_WARN_UNDECLARED_SELECTOR = YES;
				GCC_WARN_UNINITIALIZED_AUTOS = YES_AGGRESSIVE;
				GCC_WARN_UNUSED_FUNCTION = YES;
				GCC_WARN_UNUSED_VARIABLE = YES;
				MTL_ENABLE_DEBUG_INFO = NO;
				MTL_FAST_MATH = YES;
				PRODUCT_NAME = "$(TARGET_NAME)";
				SDKROOT = iphoneos;
				SWIFT_COMPILATION_MODE = wholemodule;
				SWIFT_OPTIMIZATION_LEVEL = "-O";
				SWIFT_VERSION = 5.0;
			};
			name = Release;
		};
		F2A043E7593DC7E625CA69FC /* Debug */ = {
			isa = XCBuildConfiguration;
			buildSettings = {
				ALWAYS_EMBED_SWIFT_STANDARD_LIBRARIES = "$(inherited)";
				ASSETCATALOG_COMPILER_APPICON_NAME = AppIcon;
				CODE_SIGN_IDENTITY = "iPhone Developer";
				ENABLE_BITCODE = NO;
				"EXCLUDED_ARCHS[sdk=iphonesimulator*]" = arm64;
				FRAMEWORK_SEARCH_PATHS = (
					"$(inherited)",
					"$(PODS_CONFIGURATION_BUILD_DIR)/DTBKit",
				);
				INFOPLIST_FILE = DTBKit/Info.plist;
				IPHONEOS_DEPLOYMENT_TARGET = 10.0;
				LD_RUNPATH_SEARCH_PATHS = (
					"$(inherited)",
					"@executable_path/Frameworks",
				);
				LIBRARY_SEARCH_PATHS = (
					"$(inherited)",
				);
				OTHER_SWIFT_FLAGS = (
					"$(inherited) -D COCOAPODS -D DTBKitable",
				);
				PRODUCT_BUNDLE_IDENTIFIER = org.darkThanBlack.demo.DTBKit;
				PRODUCT_NAME = DTBKit_Example;
				SDKROOT = iphoneos;
				SWIFT_VERSION = 5.0;
				TARGETED_DEVICE_FAMILY = 1;
				UILaunchStoryboardName = LaunchScreen;
				WARNING_CFLAGS = (
					"-Wno-documentation",
					"-Wno-unguarded-availability",
					"-Wno-strict-prototypes",
					"-Wno-implicit-retain-self",
				);
			};
			name = Debug;
		};
/* End XCBuildConfiguration section */

/* Begin XCConfigurationList section */
		37C9BF844CAB5607F72F8B75 /* Build configuration list for PBXProject "DTBKit" */ = {
			isa = XCConfigurationList;
			buildConfigurations = (
				2C1E80B4CC32239F3DA4EC1F /* Debug */,
				DEB1CAE98BF36ECE1F19CA49 /* Release */,
			);
			defaultConfigurationIsVisible = 0;
			defaultConfigurationName = Debug;
		};
		A81850527FF4ABBC63C4D6E7 /* Build configuration list for PBXNativeTarget "DTBKit_Tests" */ = {
			isa = XCConfigurationList;
			buildConfigurations = (
				93028D29BF4010F0087EBCFC /* Debug */,
				BE325547C199BA36DA76D4CA /* Release */,
			);
			defaultConfigurationIsVisible = 0;
			defaultConfigurationName = Debug;
		};
		F1F58F71037EE1DBDB0C6ADC /* Build configuration list for PBXNativeTarget "DTBKit_Example" */ = {
			isa = XCConfigurationList;
			buildConfigurations = (
				F2A043E7593DC7E625CA69FC /* Debug */,
				BAA8C2FA7D56E81C5ABCEC56 /* Release */,
			);
			defaultConfigurationIsVisible = 0;
			defaultConfigurationName = Debug;
		};
/* End XCConfigurationList section */
	};
	rootObject = 7A0FBC3983CF660459D6BF32 /* Project object */;
}
