// !$*UTF8*$!
{
	archiveVersion = 1;
	classes = {
	};
	objectVersion = 51;
	objects = {

/* Begin PBXBuildFile section */
		0169083FFEF6AE744A5BDE01 /* AppDelegate.swift in Sources */ = {isa = PBXBuildFile; fileRef = CDAF59F97655EB8E78958AD5 /* AppDelegate.swift */; };
		0C1A172E134B1257FB303B8A /* DTBKit.podspec in Resources */ = {isa = PBXBuildFile; fileRef = 3C7D3B41655E7FCD0EEE3DDE /* DTBKit.podspec */; };
		0D95639B99F2A5832783FEF1 /* project.yml in Resources */ = {isa = PBXBuildFile; fileRef = 70B7C80B5F60A9B0123B9530 /* project.yml */; };
		21BEECD17FA96DDA0BDBEE43 /* UIImageView+DTBKit.swift in Sources */ = {isa = PBXBuildFile; fileRef = 3A125D0742C22AB72E2FB031 /* UIImageView+DTBKit.swift */; };
		2817A4676AD7A4A87863FB18 /* Pods_DTBKit_Example.framework in Frameworks */ = {isa = PBXBuildFile; fileRef = A4DC59E903BF48E2D225EDDD /* Pods_DTBKit_Example.framework */; };
		32EC284AD691427577F70F1D /* UIImage+DTBKit.swift in Sources */ = {isa = PBXBuildFile; fileRef = C5CEAF5FD9FBC8F10646C2DB /* UIImage+DTBKit.swift */; };
		4E873C07EA8DF68768C1CBCA /* DemoEntry.swift in Sources */ = {isa = PBXBuildFile; fileRef = 0DA0A7EC6D2C1DC9D18F08A1 /* DemoEntry.swift */; };
		66F19A1005CEDC2EDDBFDF6A /* Exported.swift in Sources */ = {isa = PBXBuildFile; fileRef = 8CB035E2CD0BB15B35B6ADEC /* Exported.swift */; };
		7CF58AE26EC8F27ABBC74059 /* HomeViewController.swift in Sources */ = {isa = PBXBuildFile; fileRef = AB470419225C0F4E263C23C7 /* HomeViewController.swift */; };
		7E9600356FFAC5020C42141B /* Array+DTBKit.swift in Sources */ = {isa = PBXBuildFile; fileRef = C93D23755F9FD8A9882B263F /* Array+DTBKit.swift */; };
		7F4426EFE8922514BEFFA1C0 /* DTBColors.swift in Sources */ = {isa = PBXBuildFile; fileRef = E8013B5645F272A042C7BD3A /* DTBColors.swift */; };
		8DD734649787D05EF6D0203A /* EdgeLabel.swift in Sources */ = {isa = PBXBuildFile; fileRef = 5AA75639F4BCCE3CFCB62F65 /* EdgeLabel.swift */; };
		90766959B8603C9A9E4183C0 /* DemoContentView.swift in Sources */ = {isa = PBXBuildFile; fileRef = BAB8888AC87F4EF690ACB15C /* DemoContentView.swift */; };
		96C2FBBB655CB57056972881 /* Drift.swift in Sources */ = {isa = PBXBuildFile; fileRef = C88CE30A86D7C101933069C5 /* Drift.swift */; };
		996CFED17A4B1BDD6EE9648A /* DTBKit.swift in Sources */ = {isa = PBXBuildFile; fileRef = 00EC983BB0CCCB17419FBFBA /* DTBKit.swift */; };
		A1348D0AEC21FEC0D41CBBE1 /* Launch Screen.storyboard in Resources */ = {isa = PBXBuildFile; fileRef = C1E7982283574061EF2C6745 /* Launch Screen.storyboard */; };
		A21C61AB2A67D71A00CA35C5 /* GuideWindow.swift in Sources */ = {isa = PBXBuildFile; fileRef = A21C61AA2A67D71A00CA35C5 /* GuideWindow.swift */; };
		A21C61AD2A67D7ED00CA35C5 /* GuideRootViewController.swift in Sources */ = {isa = PBXBuildFile; fileRef = A21C61AC2A67D7ED00CA35C5 /* GuideRootViewController.swift */; };
		A21C61B02A67EA7900CA35C5 /* GuideRootView.swift in Sources */ = {isa = PBXBuildFile; fileRef = A21C61AF2A67EA7900CA35C5 /* GuideRootView.swift */; };
		A21C61B22A67ED8000CA35C5 /* GuideDriftView.swift in Sources */ = {isa = PBXBuildFile; fileRef = A21C61B12A67ED8000CA35C5 /* GuideDriftView.swift */; };
		A21C61B42A68D64000CA35C5 /* ui-kit.xcassets in Resources */ = {isa = PBXBuildFile; fileRef = A21C61B32A68D64000CA35C5 /* ui-kit.xcassets */; };
		A735232D860682E7B7E7ECB0 /* Images.xcassets in Resources */ = {isa = PBXBuildFile; fileRef = F814B4B829198871353120F8 /* Images.xcassets */; };
		B3B9577BA8721D8698D7CF5D /* basic.xcassets in Resources */ = {isa = PBXBuildFile; fileRef = 881598D80582636EC3A51695 /* basic.xcassets */; };
		BDBB8C6B4588D4721BBE6CE5 /* README.md in Resources */ = {isa = PBXBuildFile; fileRef = D9099D1384E801AE7056DEE1 /* README.md */; };
		C1036EBEAFFED38FC7E633B1 /* DemoNavigationView.swift in Sources */ = {isa = PBXBuildFile; fileRef = 03364B5CAD0A00266B4A720C /* DemoNavigationView.swift */; };
		D57FCCB4F94F72CBE04E4881 /* DTBMaths.swift in Sources */ = {isa = PBXBuildFile; fileRef = 72606BB1D63D3B45B7923CF9 /* DTBMaths.swift */; };
		DEF3374D41E54CDBA4ACA9C7 /* XMColor.swift in Sources */ = {isa = PBXBuildFile; fileRef = 72CA11B14C676CF2BC4B22E4 /* XMColor.swift */; };
		E0478EC70F456DA31671C482 /* DTBNavigations.swift in Sources */ = {isa = PBXBuildFile; fileRef = 4077018B3676CD26160A07E9 /* DTBNavigations.swift */; };
		EBDD4E252E14757AB100E441 /* DTBApps.swift in Sources */ = {isa = PBXBuildFile; fileRef = 57E1DA12F6B31A7812F0346A /* DTBApps.swift */; };
		FFA3F576A21DD1B545DED513 /* SimpleVisualViewController.swift in Sources */ = {isa = PBXBuildFile; fileRef = D63C6B9CDD3CC334F4715719 /* SimpleVisualViewController.swift */; };
/* End PBXBuildFile section */

/* Begin PBXFileReference section */
		00EC983BB0CCCB17419FBFBA /* DTBKit.swift */ = {isa = PBXFileReference; lastKnownFileType = sourcecode.swift; name = DTBKit.swift; path = ../DTBKit/DTBKit.swift; sourceTree = "<group>"; };
		03364B5CAD0A00266B4A720C /* DemoNavigationView.swift */ = {isa = PBXFileReference; lastKnownFileType = sourcecode.swift; path = DemoNavigationView.swift; sourceTree = "<group>"; };
		0DA0A7EC6D2C1DC9D18F08A1 /* DemoEntry.swift */ = {isa = PBXFileReference; lastKnownFileType = sourcecode.swift; path = DemoEntry.swift; sourceTree = "<group>"; };
		271C5701FBC0F1C84F6316FA /* .gitkeep */ = {isa = PBXFileReference; lastKnownFileType = text; path = .gitkeep; sourceTree = "<group>"; };
		3A125D0742C22AB72E2FB031 /* UIImageView+DTBKit.swift */ = {isa = PBXFileReference; lastKnownFileType = sourcecode.swift; path = "UIImageView+DTBKit.swift"; sourceTree = "<group>"; };
		3C7D3B41655E7FCD0EEE3DDE /* DTBKit.podspec */ = {isa = PBXFileReference; lastKnownFileType = text; name = DTBKit.podspec; path = ../DTBKit.podspec; sourceTree = "<group>"; };
		4077018B3676CD26160A07E9 /* DTBNavigations.swift */ = {isa = PBXFileReference; lastKnownFileType = sourcecode.swift; path = DTBNavigations.swift; sourceTree = "<group>"; };
		57E1DA12F6B31A7812F0346A /* DTBApps.swift */ = {isa = PBXFileReference; lastKnownFileType = sourcecode.swift; path = DTBApps.swift; sourceTree = "<group>"; };
		5AA75639F4BCCE3CFCB62F65 /* EdgeLabel.swift */ = {isa = PBXFileReference; lastKnownFileType = sourcecode.swift; path = EdgeLabel.swift; sourceTree = "<group>"; };
		5E640FCA5DA1C76456068E49 /* Podfile */ = {isa = PBXFileReference; lastKnownFileType = text; path = Podfile; sourceTree = "<group>"; };
		5F58A3667E08C59194B2AE9B /* Pods-DTBKit_Example.release.xcconfig */ = {isa = PBXFileReference; includeInIndex = 1; lastKnownFileType = text.xcconfig; name = "Pods-DTBKit_Example.release.xcconfig"; path = "Target Support Files/Pods-DTBKit_Example/Pods-DTBKit_Example.release.xcconfig"; sourceTree = "<group>"; };
		70B7C80B5F60A9B0123B9530 /* project.yml */ = {isa = PBXFileReference; lastKnownFileType = text.yaml; path = project.yml; sourceTree = "<group>"; };
		72606BB1D63D3B45B7923CF9 /* DTBMaths.swift */ = {isa = PBXFileReference; lastKnownFileType = sourcecode.swift; path = DTBMaths.swift; sourceTree = "<group>"; };
		72CA11B14C676CF2BC4B22E4 /* XMColor.swift */ = {isa = PBXFileReference; lastKnownFileType = sourcecode.swift; path = XMColor.swift; sourceTree = "<group>"; };
		76F0BA395FE35F6B3FE4809A /* .gitkeep */ = {isa = PBXFileReference; lastKnownFileType = text; path = .gitkeep; sourceTree = "<group>"; };
		881598D80582636EC3A51695 /* basic.xcassets */ = {isa = PBXFileReference; lastKnownFileType = folder.assetcatalog; path = basic.xcassets; sourceTree = "<group>"; };
		8CB035E2CD0BB15B35B6ADEC /* Exported.swift */ = {isa = PBXFileReference; lastKnownFileType = sourcecode.swift; path = Exported.swift; sourceTree = "<group>"; };
		A21C61AA2A67D71A00CA35C5 /* GuideWindow.swift */ = {isa = PBXFileReference; lastKnownFileType = sourcecode.swift; path = GuideWindow.swift; sourceTree = "<group>"; };
		A21C61AC2A67D7ED00CA35C5 /* GuideRootViewController.swift */ = {isa = PBXFileReference; lastKnownFileType = sourcecode.swift; path = GuideRootViewController.swift; sourceTree = "<group>"; };
		A21C61AF2A67EA7900CA35C5 /* GuideRootView.swift */ = {isa = PBXFileReference; lastKnownFileType = sourcecode.swift; path = GuideRootView.swift; sourceTree = "<group>"; };
		A21C61B12A67ED8000CA35C5 /* GuideDriftView.swift */ = {isa = PBXFileReference; lastKnownFileType = sourcecode.swift; path = GuideDriftView.swift; sourceTree = "<group>"; };
		A21C61B32A68D64000CA35C5 /* ui-kit.xcassets */ = {isa = PBXFileReference; lastKnownFileType = folder.assetcatalog; path = "ui-kit.xcassets"; sourceTree = "<group>"; };
		A4DC59E903BF48E2D225EDDD /* Pods_DTBKit_Example.framework */ = {isa = PBXFileReference; explicitFileType = wrapper.framework; includeInIndex = 0; path = Pods_DTBKit_Example.framework; sourceTree = BUILT_PRODUCTS_DIR; };
		A94332BD9942E3A20F8AC621 /* DTBKit_Example.app */ = {isa = PBXFileReference; includeInIndex = 0; lastKnownFileType = wrapper.application; path = DTBKit_Example.app; sourceTree = BUILT_PRODUCTS_DIR; };
		AB470419225C0F4E263C23C7 /* HomeViewController.swift */ = {isa = PBXFileReference; lastKnownFileType = sourcecode.swift; path = HomeViewController.swift; sourceTree = "<group>"; };
		ABD44A74C27BCF41E4BC64F8 /* .gitkeep */ = {isa = PBXFileReference; lastKnownFileType = text; path = .gitkeep; sourceTree = "<group>"; };
		AD3822F1BFE14ECBE1DF3A18 /* LICENSE */ = {isa = PBXFileReference; lastKnownFileType = text; name = LICENSE; path = ../LICENSE; sourceTree = "<group>"; };
		BAB8888AC87F4EF690ACB15C /* DemoContentView.swift */ = {isa = PBXFileReference; lastKnownFileType = sourcecode.swift; path = DemoContentView.swift; sourceTree = "<group>"; };
		C1E7982283574061EF2C6745 /* Launch Screen.storyboard */ = {isa = PBXFileReference; lastKnownFileType = file.storyboard; path = "Launch Screen.storyboard"; sourceTree = "<group>"; };
		C5CEAF5FD9FBC8F10646C2DB /* UIImage+DTBKit.swift */ = {isa = PBXFileReference; lastKnownFileType = sourcecode.swift; path = "UIImage+DTBKit.swift"; sourceTree = "<group>"; };
		C88CE30A86D7C101933069C5 /* Drift.swift */ = {isa = PBXFileReference; lastKnownFileType = sourcecode.swift; path = Drift.swift; sourceTree = "<group>"; };
		C93D23755F9FD8A9882B263F /* Array+DTBKit.swift */ = {isa = PBXFileReference; lastKnownFileType = sourcecode.swift; path = "Array+DTBKit.swift"; sourceTree = "<group>"; };
		CDAF59F97655EB8E78958AD5 /* AppDelegate.swift */ = {isa = PBXFileReference; lastKnownFileType = sourcecode.swift; path = AppDelegate.swift; sourceTree = "<group>"; };
		D63C6B9CDD3CC334F4715719 /* SimpleVisualViewController.swift */ = {isa = PBXFileReference; lastKnownFileType = sourcecode.swift; path = SimpleVisualViewController.swift; sourceTree = "<group>"; };
		D9099D1384E801AE7056DEE1 /* README.md */ = {isa = PBXFileReference; lastKnownFileType = net.daringfireball.markdown; name = README.md; path = ../README.md; sourceTree = "<group>"; };
		DA5E68C629A3A3C6AE2E1CE3 /* Pods-DTBKit_Example.debug.xcconfig */ = {isa = PBXFileReference; includeInIndex = 1; lastKnownFileType = text.xcconfig; name = "Pods-DTBKit_Example.debug.xcconfig"; path = "Target Support Files/Pods-DTBKit_Example/Pods-DTBKit_Example.debug.xcconfig"; sourceTree = "<group>"; };
		E8013B5645F272A042C7BD3A /* DTBColors.swift */ = {isa = PBXFileReference; lastKnownFileType = sourcecode.swift; path = DTBColors.swift; sourceTree = "<group>"; };
		F07719E41192E51E26324668 /* Info.plist */ = {isa = PBXFileReference; lastKnownFileType = text.plist; path = Info.plist; sourceTree = "<group>"; };
		F2DCF0C710372F5B71633BAC /* .gitkeep */ = {isa = PBXFileReference; lastKnownFileType = text; path = .gitkeep; sourceTree = "<group>"; };
		F814B4B829198871353120F8 /* Images.xcassets */ = {isa = PBXFileReference; lastKnownFileType = folder.assetcatalog; path = Images.xcassets; sourceTree = "<group>"; };
/* End PBXFileReference section */

/* Begin PBXFrameworksBuildPhase section */
		DEBA17304F9C96320FFECAE5 /* Frameworks */ = {
			isa = PBXFrameworksBuildPhase;
			buildActionMask = 2147483647;
			files = (
				2817A4676AD7A4A87863FB18 /* Pods_DTBKit_Example.framework in Frameworks */,
			);
			runOnlyForDeploymentPostprocessing = 0;
		};
/* End PBXFrameworksBuildPhase section */

/* Begin PBXGroup section */
		06B363F0012B504446EAE338 /* DemoMenu */ = {
			isa = PBXGroup;
			children = (
				03364B5CAD0A00266B4A720C /* DemoNavigationView.swift */,
				BAB8888AC87F4EF690ACB15C /* DemoContentView.swift */,
				D63C6B9CDD3CC334F4715719 /* SimpleVisualViewController.swift */,
			);
			path = DemoMenu;
			sourceTree = "<group>";
		};
		128CE0D5562F0055DF8376EC /* Basic */ = {
			isa = PBXGroup;
			children = (
				76F0BA395FE35F6B3FE4809A /* .gitkeep */,
				2DA85C08D25E67FA80AE5B02 /* APP */,
				52AFD474F8962326E7DF73D1 /* Colors */,
				487792C5BD29D0D045855781 /* Foundations */,
				3F5687C2517D969BC9321B88 /* Math */,
			);
			name = Basic;
			path = ../DTBKit/Basic;
			sourceTree = "<group>";
		};
		2DA85C08D25E67FA80AE5B02 /* APP */ = {
			isa = PBXGroup;
			children = (
				57E1DA12F6B31A7812F0346A /* DTBApps.swift */,
				4077018B3676CD26160A07E9 /* DTBNavigations.swift */,
			);
			path = APP;
			sourceTree = "<group>";
		};
		3538C54AB26F53954F7E67CA /* Drift */ = {
			isa = PBXGroup;
			children = (
				A21C61A92A67D6EC00CA35C5 /* Guide */,
				ABD44A74C27BCF41E4BC64F8 /* .gitkeep */,
				C88CE30A86D7C101933069C5 /* Drift.swift */,
			);
			path = Drift;
			sourceTree = "<group>";
		};
		3CF4BA5C21F365DBA62A397F /* UIKit */ = {
			isa = PBXGroup;
			children = (
				F2DCF0C710372F5B71633BAC /* .gitkeep */,
				5AA75639F4BCCE3CFCB62F65 /* EdgeLabel.swift */,
				72CA11B14C676CF2BC4B22E4 /* XMColor.swift */,
				3538C54AB26F53954F7E67CA /* Drift */,
			);
			name = UIKit;
			path = ../DTBKit/UIKit;
			sourceTree = "<group>";
		};
		3F5687C2517D969BC9321B88 /* Math */ = {
			isa = PBXGroup;
			children = (
				72606BB1D63D3B45B7923CF9 /* DTBMaths.swift */,
			);
			path = Math;
			sourceTree = "<group>";
		};
		487792C5BD29D0D045855781 /* Foundations */ = {
			isa = PBXGroup;
			children = (
				C93D23755F9FD8A9882B263F /* Array+DTBKit.swift */,
				C5CEAF5FD9FBC8F10646C2DB /* UIImage+DTBKit.swift */,
				3A125D0742C22AB72E2FB031 /* UIImageView+DTBKit.swift */,
			);
			path = Foundations;
			sourceTree = "<group>";
		};
		4E35FCB44B3F6041A446098F /* Pods */ = {
			isa = PBXGroup;
			children = (
				DA5E68C629A3A3C6AE2E1CE3 /* Pods-DTBKit_Example.debug.xcconfig */,
				5F58A3667E08C59194B2AE9B /* Pods-DTBKit_Example.release.xcconfig */,
			);
			path = Pods;
			sourceTree = "<group>";
		};
		52AFD474F8962326E7DF73D1 /* Colors */ = {
			isa = PBXGroup;
			children = (
				E8013B5645F272A042C7BD3A /* DTBColors.swift */,
			);
			path = Colors;
			sourceTree = "<group>";
		};
		88030DA478C3BC8517A7C58D /* Source Codes */ = {
			isa = PBXGroup;
			children = (
				00EC983BB0CCCB17419FBFBA /* DTBKit.swift */,
				128CE0D5562F0055DF8376EC /* Basic */,
				3CF4BA5C21F365DBA62A397F /* UIKit */,
			);
			name = "Source Codes";
			sourceTree = "<group>";
		};
		8B751F8645EE2A075856B6D1 /* DTBKit */ = {
			isa = PBXGroup;
			children = (
				CDAF59F97655EB8E78958AD5 /* AppDelegate.swift */,
				8CB035E2CD0BB15B35B6ADEC /* Exported.swift */,
				AB470419225C0F4E263C23C7 /* HomeViewController.swift */,
				0DA0A7EC6D2C1DC9D18F08A1 /* DemoEntry.swift */,
				F814B4B829198871353120F8 /* Images.xcassets */,
				F07719E41192E51E26324668 /* Info.plist */,
				C1E7982283574061EF2C6745 /* Launch Screen.storyboard */,
				06B363F0012B504446EAE338 /* DemoMenu */,
			);
			path = DTBKit;
			sourceTree = "<group>";
		};
		9F12C675ED584F082B757A84 /* Products */ = {
			isa = PBXGroup;
			children = (
				A94332BD9942E3A20F8AC621 /* DTBKit_Example.app */,
			);
			name = Products;
			sourceTree = "<group>";
		};
		A02F3074E9FA30B17137A40B /* Assets */ = {
			isa = PBXGroup;
			children = (
				271C5701FBC0F1C84F6316FA /* .gitkeep */,
				881598D80582636EC3A51695 /* basic.xcassets */,
				A21C61B32A68D64000CA35C5 /* ui-kit.xcassets */,
			);
			name = Assets;
			path = ../DTBKit/Assets;
			sourceTree = "<group>";
		};
		A21C61A92A67D6EC00CA35C5 /* Guide */ = {
			isa = PBXGroup;
			children = (
				A21C61AA2A67D71A00CA35C5 /* GuideWindow.swift */,
				A21C61AC2A67D7ED00CA35C5 /* GuideRootViewController.swift */,
				A21C61AF2A67EA7900CA35C5 /* GuideRootView.swift */,
				A21C61B12A67ED8000CA35C5 /* GuideDriftView.swift */,
			);
			path = Guide;
			sourceTree = "<group>";
		};
		BC12DD552C2444C5241138E9 = {
			isa = PBXGroup;
			children = (
				D4AD1857E48DF31880954735 /* Examples */,
				FE361C91F82EDA0008C24741 /* Metadata */,
				DBE214345037E502D7EC1111 /* Resources */,
				88030DA478C3BC8517A7C58D /* Source Codes */,
				9F12C675ED584F082B757A84 /* Products */,
				4E35FCB44B3F6041A446098F /* Pods */,
				FF24E3AEA72719FC4713FA34 /* Frameworks */,
			);
			sourceTree = "<group>";
		};
		D4AD1857E48DF31880954735 /* Examples */ = {
			isa = PBXGroup;
			children = (
				8B751F8645EE2A075856B6D1 /* DTBKit */,
			);
			name = Examples;
			sourceTree = "<group>";
		};
		DBE214345037E502D7EC1111 /* Resources */ = {
			isa = PBXGroup;
			children = (
				A02F3074E9FA30B17137A40B /* Assets */,
			);
			name = Resources;
			sourceTree = "<group>";
		};
		FE361C91F82EDA0008C24741 /* Metadata */ = {
			isa = PBXGroup;
			children = (
				3C7D3B41655E7FCD0EEE3DDE /* DTBKit.podspec */,
				AD3822F1BFE14ECBE1DF3A18 /* LICENSE */,
				5E640FCA5DA1C76456068E49 /* Podfile */,
				70B7C80B5F60A9B0123B9530 /* project.yml */,
				D9099D1384E801AE7056DEE1 /* README.md */,
			);
			name = Metadata;
			sourceTree = "<group>";
		};
		FF24E3AEA72719FC4713FA34 /* Frameworks */ = {
			isa = PBXGroup;
			children = (
				A4DC59E903BF48E2D225EDDD /* Pods_DTBKit_Example.framework */,
			);
			name = Frameworks;
			sourceTree = "<group>";
		};
/* End PBXGroup section */

/* Begin PBXNativeTarget section */
		EEE68BB394FCFB28048E1B92 /* DTBKit_Example */ = {
			isa = PBXNativeTarget;
			buildConfigurationList = F1F58F71037EE1DBDB0C6ADC /* Build configuration list for PBXNativeTarget "DTBKit_Example" */;
			buildPhases = (
				F0D299DAD4DE472518AE0D97 /* [CP] Check Pods Manifest.lock */,
				1189F6771834ACEE127E70C3 /* Sources */,
				6055D51056365702E0FA6C1C /* Resources */,
				DEBA17304F9C96320FFECAE5 /* Frameworks */,
				BE15F3796E2EC649DFDD396E /* [CP] Embed Pods Frameworks */,
			);
			buildRules = (
			);
			dependencies = (
			);
			name = DTBKit_Example;
			productName = DTBKit_Example;
			productReference = A94332BD9942E3A20F8AC621 /* DTBKit_Example.app */;
			productType = "com.apple.product-type.application";
		};
/* End PBXNativeTarget section */

/* Begin PBXProject section */
		7A0FBC3983CF660459D6BF32 /* Project object */ = {
			isa = PBXProject;
			attributes = {
				LastUpgradeCheck = 1200;
				ORGANIZATIONNAME = darkThanBlack;
			};
			buildConfigurationList = 37C9BF844CAB5607F72F8B75 /* Build configuration list for PBXProject "DTBKit" */;
			compatibilityVersion = "Xcode 10.0";
			developmentRegion = en;
			hasScannedForEncodings = 0;
			knownRegions = (
				Base,
				en,
			);
			mainGroup = BC12DD552C2444C5241138E9;
			productRefGroup = 9F12C675ED584F082B757A84 /* Products */;
			projectDirPath = "";
			projectRoot = "";
			targets = (
				EEE68BB394FCFB28048E1B92 /* DTBKit_Example */,
			);
		};
/* End PBXProject section */

/* Begin PBXResourcesBuildPhase section */
		6055D51056365702E0FA6C1C /* Resources */ = {
			isa = PBXResourcesBuildPhase;
			buildActionMask = 2147483647;
			files = (
				0C1A172E134B1257FB303B8A /* DTBKit.podspec in Resources */,
				A735232D860682E7B7E7ECB0 /* Images.xcassets in Resources */,
				A1348D0AEC21FEC0D41CBBE1 /* Launch Screen.storyboard in Resources */,
				A21C61B42A68D64000CA35C5 /* ui-kit.xcassets in Resources */,
				BDBB8C6B4588D4721BBE6CE5 /* README.md in Resources */,
				B3B9577BA8721D8698D7CF5D /* basic.xcassets in Resources */,
				0D95639B99F2A5832783FEF1 /* project.yml in Resources */,
			);
			runOnlyForDeploymentPostprocessing = 0;
		};
/* End PBXResourcesBuildPhase section */

/* Begin PBXShellScriptBuildPhase section */
		BE15F3796E2EC649DFDD396E /* [CP] Embed Pods Frameworks */ = {
			isa = PBXShellScriptBuildPhase;
			buildActionMask = 2147483647;
			files = (
			);
			inputFileListPaths = (
				"${PODS_ROOT}/Target Support Files/Pods-DTBKit_Example/Pods-DTBKit_Example-frameworks-${CONFIGURATION}-input-files.xcfilelist",
			);
			name = "[CP] Embed Pods Frameworks";
			outputFileListPaths = (
				"${PODS_ROOT}/Target Support Files/Pods-DTBKit_Example/Pods-DTBKit_Example-frameworks-${CONFIGURATION}-output-files.xcfilelist",
			);
			runOnlyForDeploymentPostprocessing = 0;
			shellPath = /bin/sh;
			shellScript = "\"${PODS_ROOT}/Target Support Files/Pods-DTBKit_Example/Pods-DTBKit_Example-frameworks.sh\"\n";
			showEnvVarsInLog = 0;
		};
		F0D299DAD4DE472518AE0D97 /* [CP] Check Pods Manifest.lock */ = {
			isa = PBXShellScriptBuildPhase;
			buildActionMask = 2147483647;
			files = (
			);
			inputFileListPaths = (
			);
			inputPaths = (
				"${PODS_PODFILE_DIR_PATH}/Podfile.lock",
				"${PODS_ROOT}/Manifest.lock",
			);
			name = "[CP] Check Pods Manifest.lock";
			outputFileListPaths = (
			);
			outputPaths = (
				"$(DERIVED_FILE_DIR)/Pods-DTBKit_Example-checkManifestLockResult.txt",
			);
			runOnlyForDeploymentPostprocessing = 0;
			shellPath = /bin/sh;
			shellScript = "diff \"${PODS_PODFILE_DIR_PATH}/Podfile.lock\" \"${PODS_ROOT}/Manifest.lock\" > /dev/null\nif [ $? != 0 ] ; then\n    # print error to STDERR\n    echo \"error: The sandbox is not in sync with the Podfile.lock. Run 'pod install' or update your CocoaPods installation.\" >&2\n    exit 1\nfi\n# This output is used by Xcode 'outputs' to avoid re-running this script phase.\necho \"SUCCESS\" > \"${SCRIPT_OUTPUT_FILE_0}\"\n";
			showEnvVarsInLog = 0;
		};
/* End PBXShellScriptBuildPhase section */

/* Begin PBXSourcesBuildPhase section */
		1189F6771834ACEE127E70C3 /* Sources */ = {
			isa = PBXSourcesBuildPhase;
			buildActionMask = 2147483647;
			files = (
				0169083FFEF6AE744A5BDE01 /* AppDelegate.swift in Sources */,
				7E9600356FFAC5020C42141B /* Array+DTBKit.swift in Sources */,
				EBDD4E252E14757AB100E441 /* DTBApps.swift in Sources */,
				A21C61B22A67ED8000CA35C5 /* GuideDriftView.swift in Sources */,
				7F4426EFE8922514BEFFA1C0 /* DTBColors.swift in Sources */,
				A21C61B02A67EA7900CA35C5 /* GuideRootView.swift in Sources */,
				996CFED17A4B1BDD6EE9648A /* DTBKit.swift in Sources */,
				A21C61AD2A67D7ED00CA35C5 /* GuideRootViewController.swift in Sources */,
				D57FCCB4F94F72CBE04E4881 /* DTBMaths.swift in Sources */,
				E0478EC70F456DA31671C482 /* DTBNavigations.swift in Sources */,
				A21C61AB2A67D71A00CA35C5 /* GuideWindow.swift in Sources */,
				90766959B8603C9A9E4183C0 /* DemoContentView.swift in Sources */,
				4E873C07EA8DF68768C1CBCA /* DemoEntry.swift in Sources */,
				C1036EBEAFFED38FC7E633B1 /* DemoNavigationView.swift in Sources */,
				8DD734649787D05EF6D0203A /* EdgeLabel.swift in Sources */,
				66F19A1005CEDC2EDDBFDF6A /* Exported.swift in Sources */,
				96C2FBBB655CB57056972881 /* Drift.swift in Sources */,
				7CF58AE26EC8F27ABBC74059 /* HomeViewController.swift in Sources */,
				FFA3F576A21DD1B545DED513 /* SimpleVisualViewController.swift in Sources */,
				32EC284AD691427577F70F1D /* UIImage+DTBKit.swift in Sources */,
				21BEECD17FA96DDA0BDBEE43 /* UIImageView+DTBKit.swift in Sources */,
				DEF3374D41E54CDBA4ACA9C7 /* XMColor.swift in Sources */,
			);
			runOnlyForDeploymentPostprocessing = 0;
		};
/* End PBXSourcesBuildPhase section */

/* Begin XCBuildConfiguration section */
		2C1E80B4CC32239F3DA4EC1F /* Debug */ = {
			isa = XCBuildConfiguration;
			buildSettings = {
				ALWAYS_SEARCH_USER_PATHS = NO;
				CLANG_ANALYZER_NONNULL = YES;
				CLANG_ANALYZER_NUMBER_OBJECT_CONVERSION = YES_AGGRESSIVE;
				CLANG_CXX_LANGUAGE_STANDARD = "gnu++14";
				CLANG_CXX_LIBRARY = "libc++";
				CLANG_ENABLE_MODULES = YES;
				CLANG_ENABLE_OBJC_ARC = YES;
				CLANG_ENABLE_OBJC_WEAK = YES;
				CLANG_WARN_BLOCK_CAPTURE_AUTORELEASING = YES;
				CLANG_WARN_BOOL_CONVERSION = YES;
				CLANG_WARN_COMMA = YES;
				CLANG_WARN_CONSTANT_CONVERSION = YES;
				CLANG_WARN_DEPRECATED_OBJC_IMPLEMENTATIONS = YES;
				CLANG_WARN_DIRECT_OBJC_ISA_USAGE = YES_ERROR;
				CLANG_WARN_DOCUMENTATION_COMMENTS = YES;
				CLANG_WARN_EMPTY_BODY = YES;
				CLANG_WARN_ENUM_CONVERSION = YES;
				CLANG_WARN_INFINITE_RECURSION = YES;
				CLANG_WARN_INT_CONVERSION = YES;
				CLANG_WARN_NON_LITERAL_NULL_CONVERSION = YES;
				CLANG_WARN_OBJC_IMPLICIT_RETAIN_SELF = YES;
				CLANG_WARN_OBJC_LITERAL_CONVERSION = YES;
				CLANG_WARN_OBJC_ROOT_CLASS = YES_ERROR;
				CLANG_WARN_QUOTED_INCLUDE_IN_FRAMEWORK_HEADER = YES;
				CLANG_WARN_RANGE_LOOP_ANALYSIS = YES;
				CLANG_WARN_STRICT_PROTOTYPES = YES;
				CLANG_WARN_SUSPICIOUS_MOVE = YES;
				CLANG_WARN_UNGUARDED_AVAILABILITY = YES_AGGRESSIVE;
				CLANG_WARN_UNREACHABLE_CODE = YES;
				CLANG_WARN__DUPLICATE_METHOD_MATCH = YES;
				COPY_PHASE_STRIP = NO;
				DEBUG_INFORMATION_FORMAT = dwarf;
				ENABLE_STRICT_OBJC_MSGSEND = YES;
				ENABLE_TESTABILITY = YES;
				GCC_C_LANGUAGE_STANDARD = gnu11;
				GCC_DYNAMIC_NO_PIC = NO;
				GCC_NO_COMMON_BLOCKS = YES;
				GCC_OPTIMIZATION_LEVEL = 0;
				GCC_PREPROCESSOR_DEFINITIONS = (
					"$(inherited)",
					"DEBUG=1",
				);
				GCC_WARN_64_TO_32_BIT_CONVERSION = YES;
				GCC_WARN_ABOUT_RETURN_TYPE = YES_ERROR;
				GCC_WARN_UNDECLARED_SELECTOR = YES;
				GCC_WARN_UNINITIALIZED_AUTOS = YES_AGGRESSIVE;
				GCC_WARN_UNUSED_FUNCTION = YES;
				GCC_WARN_UNUSED_VARIABLE = YES;
				MTL_ENABLE_DEBUG_INFO = INCLUDE_SOURCE;
				MTL_FAST_MATH = YES;
				ONLY_ACTIVE_ARCH = YES;
				PRODUCT_NAME = "$(TARGET_NAME)";
				SDKROOT = iphoneos;
				SWIFT_ACTIVE_COMPILATION_CONDITIONS = DEBUG;
				SWIFT_OPTIMIZATION_LEVEL = "-Onone";
				SWIFT_VERSION = 5.0;
			};
			name = Debug;
		};
		BAA8C2FA7D56E81C5ABCEC56 /* Release */ = {
			isa = XCBuildConfiguration;
			baseConfigurationReference = 5F58A3667E08C59194B2AE9B /* Pods-DTBKit_Example.release.xcconfig */;
			buildSettings = {
				ALWAYS_EMBED_SWIFT_STANDARD_LIBRARIES = "$(inherited)";
				ASSETCATALOG_COMPILER_APPICON_NAME = AppIcon;
				CODE_SIGN_IDENTITY = "iPhone Developer";
				ENABLE_BITCODE = NO;
				"EXCLUDED_ARCHS[sdk=iphonesimulator*]" = arm64;
				FRAMEWORK_SEARCH_PATHS = (
					"$(inherited)",
					"$(PODS_CONFIGURATION_BUILD_DIR)/DTBKit",
				);
				INFOPLIST_FILE = DTBKit/Info.plist;
				IPHONEOS_DEPLOYMENT_TARGET = 11.0;
				LD_RUNPATH_SEARCH_PATHS = (
					"$(inherited)",
					"@executable_path/Frameworks",
				);
				LIBRARY_SEARCH_PATHS = "$(inherited)";
				PRODUCT_BUNDLE_IDENTIFIER = org.darkThanBlack.demo.DTBKit;
				PRODUCT_NAME = DTBKit_Example;
				SDKROOT = iphoneos;
				SWIFT_VERSION = 5.0;
				TARGETED_DEVICE_FAMILY = 1;
				UILaunchStoryboardName = LaunchScreen;
				WARNING_CFLAGS = (
					"-Wno-documentation",
					"-Wno-unguarded-availability",
					"-Wno-strict-prototypes",
					"-Wno-implicit-retain-self",
				);
			};
			name = Release;
		};
		DEB1CAE98BF36ECE1F19CA49 /* Release */ = {
			isa = XCBuildConfiguration;
			buildSettings = {
				ALWAYS_SEARCH_USER_PATHS = NO;
				CLANG_ANALYZER_NONNULL = YES;
				CLANG_ANALYZER_NUMBER_OBJECT_CONVERSION = YES_AGGRESSIVE;
				CLANG_CXX_LANGUAGE_STANDARD = "gnu++14";
				CLANG_CXX_LIBRARY = "libc++";
				CLANG_ENABLE_MODULES = YES;
				CLANG_ENABLE_OBJC_ARC = YES;
				CLANG_ENABLE_OBJC_WEAK = YES;
				CLANG_WARN_BLOCK_CAPTURE_AUTORELEASING = YES;
				CLANG_WARN_BOOL_CONVERSION = YES;
				CLANG_WARN_COMMA = YES;
				CLANG_WARN_CONSTANT_CONVERSION = YES;
				CLANG_WARN_DEPRECATED_OBJC_IMPLEMENTATIONS = YES;
				CLANG_WARN_DIRECT_OBJC_ISA_USAGE = YES_ERROR;
				CLANG_WARN_DOCUMENTATION_COMMENTS = YES;
				CLANG_WARN_EMPTY_BODY = YES;
				CLANG_WARN_ENUM_CONVERSION = YES;
				CLANG_WARN_INFINITE_RECURSION = YES;
				CLANG_WARN_INT_CONVERSION = YES;
				CLANG_WARN_NON_LITERAL_NULL_CONVERSION = YES;
				CLANG_WARN_OBJC_IMPLICIT_RETAIN_SELF = YES;
				CLANG_WARN_OBJC_LITERAL_CONVERSION = YES;
				CLANG_WARN_OBJC_ROOT_CLASS = YES_ERROR;
				CLANG_WARN_QUOTED_INCLUDE_IN_FRAMEWORK_HEADER = YES;
				CLANG_WARN_RANGE_LOOP_ANALYSIS = YES;
				CLANG_WARN_STRICT_PROTOTYPES = YES;
				CLANG_WARN_SUSPICIOUS_MOVE = YES;
				CLANG_WARN_UNGUARDED_AVAILABILITY = YES_AGGRESSIVE;
				CLANG_WARN_UNREACHABLE_CODE = YES;
				CLANG_WARN__DUPLICATE_METHOD_MATCH = YES;
				COPY_PHASE_STRIP = NO;
				DEBUG_INFORMATION_FORMAT = "dwarf-with-dsym";
				ENABLE_NS_ASSERTIONS = NO;
				ENABLE_STRICT_OBJC_MSGSEND = YES;
				GCC_C_LANGUAGE_STANDARD = gnu11;
				GCC_NO_COMMON_BLOCKS = YES;
				GCC_WARN_64_TO_32_BIT_CONVERSION = YES;
				GCC_WARN_ABOUT_RETURN_TYPE = YES_ERROR;
				GCC_WARN_UNDECLARED_SELECTOR = YES;
				GCC_WARN_UNINITIALIZED_AUTOS = YES_AGGRESSIVE;
				GCC_WARN_UNUSED_FUNCTION = YES;
				GCC_WARN_UNUSED_VARIABLE = YES;
				MTL_ENABLE_DEBUG_INFO = NO;
				MTL_FAST_MATH = YES;
				PRODUCT_NAME = "$(TARGET_NAME)";
				SDKROOT = iphoneos;
				SWIFT_COMPILATION_MODE = wholemodule;
				SWIFT_OPTIMIZATION_LEVEL = "-O";
				SWIFT_VERSION = 5.0;
			};
			name = Release;
		};
		F2A043E7593DC7E625CA69FC /* Debug */ = {
			isa = XCBuildConfiguration;
			baseConfigurationReference = DA5E68C629A3A3C6AE2E1CE3 /* Pods-DTBKit_Example.debug.xcconfig */;
			buildSettings = {
				ALWAYS_EMBED_SWIFT_STANDARD_LIBRARIES = "$(inherited)";
				ASSETCATALOG_COMPILER_APPICON_NAME = AppIcon;
				CODE_SIGN_IDENTITY = "iPhone Developer";
				ENABLE_BITCODE = NO;
				"EXCLUDED_ARCHS[sdk=iphonesimulator*]" = arm64;
				FRAMEWORK_SEARCH_PATHS = (
					"$(inherited)",
					"$(PODS_CONFIGURATION_BUILD_DIR)/DTBKit",
				);
				INFOPLIST_FILE = DTBKit/Info.plist;
				IPHONEOS_DEPLOYMENT_TARGET = 11.0;
				LD_RUNPATH_SEARCH_PATHS = (
					"$(inherited)",
					"@executable_path/Frameworks",
				);
				LIBRARY_SEARCH_PATHS = "$(inherited)";
				PRODUCT_BUNDLE_IDENTIFIER = org.darkThanBlack.demo.DTBKit;
				PRODUCT_NAME = DTBKit_Example;
				SDKROOT = iphoneos;
				SWIFT_VERSION = 5.0;
				TARGETED_DEVICE_FAMILY = 1;
				UILaunchStoryboardName = LaunchScreen;
				WARNING_CFLAGS = (
					"-Wno-documentation",
					"-Wno-unguarded-availability",
					"-Wno-strict-prototypes",
					"-Wno-implicit-retain-self",
				);
			};
			name = Debug;
		};
/* End XCBuildConfiguration section */

/* Begin XCConfigurationList section */
		37C9BF844CAB5607F72F8B75 /* Build configuration list for PBXProject "DTBKit" */ = {
			isa = XCConfigurationList;
			buildConfigurations = (
				2C1E80B4CC32239F3DA4EC1F /* Debug */,
				DEB1CAE98BF36ECE1F19CA49 /* Release */,
			);
			defaultConfigurationIsVisible = 0;
			defaultConfigurationName = Debug;
		};
		F1F58F71037EE1DBDB0C6ADC /* Build configuration list for PBXNativeTarget "DTBKit_Example" */ = {
			isa = XCConfigurationList;
			buildConfigurations = (
				F2A043E7593DC7E625CA69FC /* Debug */,
				BAA8C2FA7D56E81C5ABCEC56 /* Release */,
			);
			defaultConfigurationIsVisible = 0;
			defaultConfigurationName = Debug;
		};
/* End XCConfigurationList section */
	};
	rootObject = 7A0FBC3983CF660459D6BF32 /* Project object */;
}
