// !$*UTF8*$!
{
	archiveVersion = 1;
	classes = {
	};
	objectVersion = 51;
	objects = {

/* Begin PBXBuildFile section */
		0169083FFEF6AE744A5BDE01 /* AppDelegate.swift in Sources */ = {isa = PBXBuildFile; fileRef = CDAF59F97655EB8E78958AD5 /* AppDelegate.swift */; };
		03B83AED951D41B5E8247261 /* GuideNavigationController.swift in Sources */ = {isa = PBXBuildFile; fileRef = C50C5446D35072D81448F188 /* GuideNavigationController.swift */; };
		0A6653C7305C8353C7E61FEA /* MathTests.swift in Sources */ = {isa = PBXBuildFile; fileRef = 7830E622F04A3AA897816301 /* MathTests.swift */; };
		0AB6E0E0EF00BCDCDED30FB9 /* DriftView.swift in Sources */ = {isa = PBXBuildFile; fileRef = CCBE098124BFB2B965DF53E1 /* DriftView.swift */; };
		0C1A172E134B1257FB303B8A /* DTBKit.podspec in Resources */ = {isa = PBXBuildFile; fileRef = 3C7D3B41655E7FCD0EEE3DDE /* DTBKit.podspec */; };
		0CEAA9B819E42D0EB1269281 /* GuideDocsView.swift in Sources */ = {isa = PBXBuildFile; fileRef = 7ABCB8D0050F9150920865BD /* GuideDocsView.swift */; };
		0D95639B99F2A5832783FEF1 /* project.yml in Resources */ = {isa = PBXBuildFile; fileRef = 70B7C80B5F60A9B0123B9530 /* project.yml */; };
		11166D157786A18CDBA89751 /* GuideNavigator.swift in Sources */ = {isa = PBXBuildFile; fileRef = AE55E81DA208AECBCBA770CF /* GuideNavigator.swift */; };
		157FB71B468A437899BB1211 /* GuideContainerView.swift in Sources */ = {isa = PBXBuildFile; fileRef = 118A740DE77F04184DA01AE5 /* GuideContainerView.swift */; };
		21582A515E253A783BF29A24 /* SimpleWebViewController.swift in Sources */ = {isa = PBXBuildFile; fileRef = BB16CC9B82C3A96393CE14B5 /* SimpleWebViewController.swift */; };
		22A7AA5670645966EF291B10 /* GuideDriftView.swift in Sources */ = {isa = PBXBuildFile; fileRef = 4DF8CED02A592CCD03969B5D /* GuideDriftView.swift */; };
		26BBB83FC4DA650DDC3329EC /* DemoContentView.swift in Sources */ = {isa = PBXBuildFile; fileRef = FA92A28BC222C5268E1F2F70 /* DemoContentView.swift */; };
		2A0D4B06DD0C14E942474621 /* Array+DTBKit.swift in Sources */ = {isa = PBXBuildFile; fileRef = 2FE6BEDEB0816C6E8EAE8759 /* Array+DTBKit.swift */; };
		3A9B01ED6B8CAEC69307A5D3 /* SimpleVisualViewController.swift in Sources */ = {isa = PBXBuildFile; fileRef = BD38C5FAE384D56B19938045 /* SimpleVisualViewController.swift */; };
		3AC23554A53955C5AF50A390 /* DemoEntry.swift in Sources */ = {isa = PBXBuildFile; fileRef = 8DC825259B4A2BC75D4CAEBE /* DemoEntry.swift */; };
		3DBFB3F32E6F295E6FD488F2 /* DTBBasicTests.swift in Sources */ = {isa = PBXBuildFile; fileRef = C25FD8787B72EC0EF28984D2 /* DTBBasicTests.swift */; };
		3EAB011FEDDD7DC2A3F2EA27 /* GuideEnterView.swift in Sources */ = {isa = PBXBuildFile; fileRef = EED25071A1D39F442331A160 /* GuideEnterView.swift */; };
		40415FAD78A5B8FB028AE0CC /* GuideDocsViewController.swift in Sources */ = {isa = PBXBuildFile; fileRef = B37A3E6078E4415F13BA5C2C /* GuideDocsViewController.swift */; };
		54303D60788E9B31419018EB /* GuideGroupCell.swift in Sources */ = {isa = PBXBuildFile; fileRef = 917B7BC13391455F649E814E /* GuideGroupCell.swift */; };
		547A791C29AA5B169C3E2C6A /* UIImageView+DTBKit.swift in Sources */ = {isa = PBXBuildFile; fileRef = 3920D423B2F0AF2570827977 /* UIImageView+DTBKit.swift */; };
		55AA6E22F2382D71B31F7AAA /* DriftMainViewController.swift in Sources */ = {isa = PBXBuildFile; fileRef = 6BCB5799833552A14B00212E /* DriftMainViewController.swift */; };
		5BCB985228038DA98D80924F /* Int+DTBKit.swift in Sources */ = {isa = PBXBuildFile; fileRef = 78775B07CCC6B6E13A0F0C3E /* Int+DTBKit.swift */; };
		666C2050BE2EBB7E874D732B /* GuideListView.swift in Sources */ = {isa = PBXBuildFile; fileRef = 40B6C890B0C51B40ACDB9737 /* GuideListView.swift */; };
		66F19A1005CEDC2EDDBFDF6A /* Exported.swift in Sources */ = {isa = PBXBuildFile; fileRef = 8CB035E2CD0BB15B35B6ADEC /* Exported.swift */; };
		67056E458B57D59A1DD22C31 /* GuideListViewController.swift in Sources */ = {isa = PBXBuildFile; fileRef = 704A366BC07569D76B34F19E /* GuideListViewController.swift */; };
		7CF58AE26EC8F27ABBC74059 /* HomeViewController.swift in Sources */ = {isa = PBXBuildFile; fileRef = AB470419225C0F4E263C23C7 /* HomeViewController.swift */; };
		8DD734649787D05EF6D0203A /* EdgeLabel.swift in Sources */ = {isa = PBXBuildFile; fileRef = 5AA75639F4BCCE3CFCB62F65 /* EdgeLabel.swift */; };
		994927E52ACBEB040FB72EFD /* Drift.swift in Sources */ = {isa = PBXBuildFile; fileRef = ADD89C181F30AA5BDF38ADEC /* Drift.swift */; };
		996CFED17A4B1BDD6EE9648A /* DTBKit.swift in Sources */ = {isa = PBXBuildFile; fileRef = 00EC983BB0CCCB17419FBFBA /* DTBKit.swift */; };
		9D01FF2535AD554BC4BEDB1F /* XMColor.swift in Sources */ = {isa = PBXBuildFile; fileRef = AB8D2A2CEE6175DC48EA0908 /* XMColor.swift */; };
		A0A53992AC00B66FC30B36DE /* GuideListCell.swift in Sources */ = {isa = PBXBuildFile; fileRef = D17C870D9760C123DAB99D77 /* GuideListCell.swift */; };
		A1348D0AEC21FEC0D41CBBE1 /* Launch Screen.storyboard in Resources */ = {isa = PBXBuildFile; fileRef = C1E7982283574061EF2C6745 /* Launch Screen.storyboard */; };
		A735232D860682E7B7E7ECB0 /* Images.xcassets in Resources */ = {isa = PBXBuildFile; fileRef = F814B4B829198871353120F8 /* Images.xcassets */; };
		A9DE99B858E334528346CE4B /* AlertAnimation.swift in Sources */ = {isa = PBXBuildFile; fileRef = 6ABA054619FB46334287D932 /* AlertAnimation.swift */; };
		AB3E36DAA3E1FB94F7E84874 /* CGRect+DTBKit.swift in Sources */ = {isa = PBXBuildFile; fileRef = E88629093E8C4B902768DC1C /* CGRect+DTBKit.swift */; };
		ACE6BAC40FBC6503D94CB4FC /* ui-kit.xcassets in Resources */ = {isa = PBXBuildFile; fileRef = 5C32B3577F677B75582FDB7F /* ui-kit.xcassets */; };
		AE178DC83F7A96DB5160AEFC /* GuideGroupView.swift in Sources */ = {isa = PBXBuildFile; fileRef = B741899E0139C181427F07FE /* GuideGroupView.swift */; };
		B3B9577BA8721D8698D7CF5D /* basic.xcassets in Resources */ = {isa = PBXBuildFile; fileRef = 881598D80582636EC3A51695 /* basic.xcassets */; };
		B4BC9D451D37CC8F4786ECD5 /* DTBColors.swift in Sources */ = {isa = PBXBuildFile; fileRef = 0E980B991E4F4BC9A1296C21 /* DTBColors.swift */; };
		B89C2CE971FE7DE448C929A7 /* SimpleTableViewController.swift in Sources */ = {isa = PBXBuildFile; fileRef = 32D1BC65F7F466B374C6A330 /* SimpleTableViewController.swift */; };
		B9B1ABAF6037D5D7B471F7BC /* GuideRefreshView.swift in Sources */ = {isa = PBXBuildFile; fileRef = A2DBC495036F1740D7C926FB /* GuideRefreshView.swift */; };
		B9E2666040E93CE75D9DADAC /* GuideListModels.swift in Sources */ = {isa = PBXBuildFile; fileRef = 5DB234E74BDEEC74FE1FC611 /* GuideListModels.swift */; };
		BC1BD050E1C053BEEEECA11A /* GuideAnimation.swift in Sources */ = {isa = PBXBuildFile; fileRef = E09C7C32BAB75A5E72D732E5 /* GuideAnimation.swift */; };
		BDBB8C6B4588D4721BBE6CE5 /* README.md in Resources */ = {isa = PBXBuildFile; fileRef = D9099D1384E801AE7056DEE1 /* README.md */; };
		C09CF354446DF8B9AFCEAF08 /* CGSize+DTBKit.swift in Sources */ = {isa = PBXBuildFile; fileRef = 3B1DC9D4C9D135658E78C968 /* CGSize+DTBKit.swift */; };
		C913F57DFEDE8100F34DF656 /* GuideListViewModel.swift in Sources */ = {isa = PBXBuildFile; fileRef = 08052F62729C3302D29567E1 /* GuideListViewModel.swift */; };
		CAC48BEDAFE348570CABBF36 /* ArrayTests.swift in Sources */ = {isa = PBXBuildFile; fileRef = 0453409D1C44E09800DD04FC /* ArrayTests.swift */; };
		D48F87C194A07414C778BE13 /* GuideRefreshAlertController.swift in Sources */ = {isa = PBXBuildFile; fileRef = 0B5E6ECB7B179BA0F3581379 /* GuideRefreshAlertController.swift */; };
		D4FDECD70AF7A8BDD54689BD /* Float+DTBKit.swift in Sources */ = {isa = PBXBuildFile; fileRef = C3FF0A320E09622621359C0D /* Float+DTBKit.swift */; };
		D95BC46FA0D8EC0986C59BF8 /* DTBStatics.swift in Sources */ = {isa = PBXBuildFile; fileRef = 643C0D6EE99781EBB2520DCF /* DTBStatics.swift */; };
		E540AD66DBB179688BC7ED31 /* UIImage+DTBKit.swift in Sources */ = {isa = PBXBuildFile; fileRef = F0194B484DDF428C20847439 /* UIImage+DTBKit.swift */; };
		E85EFD5DB74F8C80C23DFB37 /* DriftWindow.swift in Sources */ = {isa = PBXBuildFile; fileRef = 73C534D0DD58E8AF5BE72CF0 /* DriftWindow.swift */; };
		FAED2479F8A046848CC1761E /* DriftAdapter.swift in Sources */ = {isa = PBXBuildFile; fileRef = 3D43E54B5D507D690F7859E1 /* DriftAdapter.swift */; };
		FBA4C2A41E21AA689F8BF7DE /* Pods_DTBKit_Example.framework in Frameworks */ = {isa = PBXBuildFile; fileRef = AA675032521C27E39603894A /* Pods_DTBKit_Example.framework */; };
		FCA935EAAE7899139DF2925E /* UIButton+DTBKit.swift in Sources */ = {isa = PBXBuildFile; fileRef = 1BC5A9712C90E46F7419CFA9 /* UIButton+DTBKit.swift */; };
		FD226C822096E72DA8C373FA /* DemoNavigationView.swift in Sources */ = {isa = PBXBuildFile; fileRef = DA191678C2B68D0C9BDC1380 /* DemoNavigationView.swift */; };
/* End PBXBuildFile section */

/* Begin PBXContainerItemProxy section */
		EFD9591CC3112BB40A6D4E18 /* PBXContainerItemProxy */ = {
			isa = PBXContainerItemProxy;
			containerPortal = 7A0FBC3983CF660459D6BF32 /* Project object */;
			proxyType = 1;
			remoteGlobalIDString = EEE68BB394FCFB28048E1B92;
			remoteInfo = DTBKit_Example;
		};
/* End PBXContainerItemProxy section */

/* Begin PBXFileReference section */
		00EC983BB0CCCB17419FBFBA /* DTBKit.swift */ = {isa = PBXFileReference; lastKnownFileType = sourcecode.swift; name = DTBKit.swift; path = ../DTBKit/DTBKit.swift; sourceTree = "<group>"; };
		0392A52C0D3C9930F74D6338 /* Pods-DTBKit_Example.release.xcconfig */ = {isa = PBXFileReference; includeInIndex = 1; lastKnownFileType = text.xcconfig; name = "Pods-DTBKit_Example.release.xcconfig"; path = "Target Support Files/Pods-DTBKit_Example/Pods-DTBKit_Example.release.xcconfig"; sourceTree = "<group>"; };
		0453409D1C44E09800DD04FC /* ArrayTests.swift */ = {isa = PBXFileReference; lastKnownFileType = sourcecode.swift; path = ArrayTests.swift; sourceTree = "<group>"; };
		08052F62729C3302D29567E1 /* GuideListViewModel.swift */ = {isa = PBXFileReference; lastKnownFileType = sourcecode.swift; path = GuideListViewModel.swift; sourceTree = "<group>"; };
		0B5E6ECB7B179BA0F3581379 /* GuideRefreshAlertController.swift */ = {isa = PBXFileReference; lastKnownFileType = sourcecode.swift; path = GuideRefreshAlertController.swift; sourceTree = "<group>"; };
		0E980B991E4F4BC9A1296C21 /* DTBColors.swift */ = {isa = PBXFileReference; lastKnownFileType = sourcecode.swift; path = DTBColors.swift; sourceTree = "<group>"; };
		118A740DE77F04184DA01AE5 /* GuideContainerView.swift */ = {isa = PBXFileReference; lastKnownFileType = sourcecode.swift; path = GuideContainerView.swift; sourceTree = "<group>"; };
		1BC5A9712C90E46F7419CFA9 /* UIButton+DTBKit.swift */ = {isa = PBXFileReference; lastKnownFileType = sourcecode.swift; path = "UIButton+DTBKit.swift"; sourceTree = "<group>"; };
		271C5701FBC0F1C84F6316FA /* .gitkeep */ = {isa = PBXFileReference; path = .gitkeep; sourceTree = "<group>"; };
		2FE6BEDEB0816C6E8EAE8759 /* Array+DTBKit.swift */ = {isa = PBXFileReference; lastKnownFileType = sourcecode.swift; path = "Array+DTBKit.swift"; sourceTree = "<group>"; };
		32D1BC65F7F466B374C6A330 /* SimpleTableViewController.swift */ = {isa = PBXFileReference; lastKnownFileType = sourcecode.swift; path = SimpleTableViewController.swift; sourceTree = "<group>"; };
		3920D423B2F0AF2570827977 /* UIImageView+DTBKit.swift */ = {isa = PBXFileReference; lastKnownFileType = sourcecode.swift; path = "UIImageView+DTBKit.swift"; sourceTree = "<group>"; };
		3B1DC9D4C9D135658E78C968 /* CGSize+DTBKit.swift */ = {isa = PBXFileReference; lastKnownFileType = sourcecode.swift; path = "CGSize+DTBKit.swift"; sourceTree = "<group>"; };
		3C7D3B41655E7FCD0EEE3DDE /* DTBKit.podspec */ = {isa = PBXFileReference; name = DTBKit.podspec; path = ../DTBKit.podspec; sourceTree = "<group>"; };
		3D43E54B5D507D690F7859E1 /* DriftAdapter.swift */ = {isa = PBXFileReference; lastKnownFileType = sourcecode.swift; path = DriftAdapter.swift; sourceTree = "<group>"; };
		40B6C890B0C51B40ACDB9737 /* GuideListView.swift */ = {isa = PBXFileReference; lastKnownFileType = sourcecode.swift; path = GuideListView.swift; sourceTree = "<group>"; };
		4DF8CED02A592CCD03969B5D /* GuideDriftView.swift */ = {isa = PBXFileReference; lastKnownFileType = sourcecode.swift; path = GuideDriftView.swift; sourceTree = "<group>"; };
		5AA75639F4BCCE3CFCB62F65 /* EdgeLabel.swift */ = {isa = PBXFileReference; lastKnownFileType = sourcecode.swift; path = EdgeLabel.swift; sourceTree = "<group>"; };
		5C32B3577F677B75582FDB7F /* ui-kit.xcassets */ = {isa = PBXFileReference; lastKnownFileType = folder.assetcatalog; path = "ui-kit.xcassets"; sourceTree = "<group>"; };
		5DB234E74BDEEC74FE1FC611 /* GuideListModels.swift */ = {isa = PBXFileReference; lastKnownFileType = sourcecode.swift; path = GuideListModels.swift; sourceTree = "<group>"; };
		5E640FCA5DA1C76456068E49 /* Podfile */ = {isa = PBXFileReference; path = Podfile; sourceTree = "<group>"; };
		643C0D6EE99781EBB2520DCF /* DTBStatics.swift */ = {isa = PBXFileReference; lastKnownFileType = sourcecode.swift; path = DTBStatics.swift; sourceTree = "<group>"; };
		6ABA054619FB46334287D932 /* AlertAnimation.swift */ = {isa = PBXFileReference; lastKnownFileType = sourcecode.swift; path = AlertAnimation.swift; sourceTree = "<group>"; };
		6BCB5799833552A14B00212E /* DriftMainViewController.swift */ = {isa = PBXFileReference; lastKnownFileType = sourcecode.swift; path = DriftMainViewController.swift; sourceTree = "<group>"; };
		704A366BC07569D76B34F19E /* GuideListViewController.swift */ = {isa = PBXFileReference; lastKnownFileType = sourcecode.swift; path = GuideListViewController.swift; sourceTree = "<group>"; };
		70B7C80B5F60A9B0123B9530 /* project.yml */ = {isa = PBXFileReference; lastKnownFileType = text.yaml; path = project.yml; sourceTree = "<group>"; };
		73C534D0DD58E8AF5BE72CF0 /* DriftWindow.swift */ = {isa = PBXFileReference; lastKnownFileType = sourcecode.swift; path = DriftWindow.swift; sourceTree = "<group>"; };
		76F0BA395FE35F6B3FE4809A /* .gitkeep */ = {isa = PBXFileReference; path = .gitkeep; sourceTree = "<group>"; };
		7830E622F04A3AA897816301 /* MathTests.swift */ = {isa = PBXFileReference; lastKnownFileType = sourcecode.swift; path = MathTests.swift; sourceTree = "<group>"; };
		78775B07CCC6B6E13A0F0C3E /* Int+DTBKit.swift */ = {isa = PBXFileReference; lastKnownFileType = sourcecode.swift; path = "Int+DTBKit.swift"; sourceTree = "<group>"; };
		7ABCB8D0050F9150920865BD /* GuideDocsView.swift */ = {isa = PBXFileReference; lastKnownFileType = sourcecode.swift; path = GuideDocsView.swift; sourceTree = "<group>"; };
		881598D80582636EC3A51695 /* basic.xcassets */ = {isa = PBXFileReference; lastKnownFileType = folder.assetcatalog; path = basic.xcassets; sourceTree = "<group>"; };
		88A66D2E65E1F61E56C714FD /* Pods-DTBKit_Example.debug.xcconfig */ = {isa = PBXFileReference; includeInIndex = 1; lastKnownFileType = text.xcconfig; name = "Pods-DTBKit_Example.debug.xcconfig"; path = "Target Support Files/Pods-DTBKit_Example/Pods-DTBKit_Example.debug.xcconfig"; sourceTree = "<group>"; };
		8CB035E2CD0BB15B35B6ADEC /* Exported.swift */ = {isa = PBXFileReference; lastKnownFileType = sourcecode.swift; path = Exported.swift; sourceTree = "<group>"; };
		8DC825259B4A2BC75D4CAEBE /* DemoEntry.swift */ = {isa = PBXFileReference; lastKnownFileType = sourcecode.swift; path = DemoEntry.swift; sourceTree = "<group>"; };
		917B7BC13391455F649E814E /* GuideGroupCell.swift */ = {isa = PBXFileReference; lastKnownFileType = sourcecode.swift; path = GuideGroupCell.swift; sourceTree = "<group>"; };
		A2DBC495036F1740D7C926FB /* GuideRefreshView.swift */ = {isa = PBXFileReference; lastKnownFileType = sourcecode.swift; path = GuideRefreshView.swift; sourceTree = "<group>"; };
		A94332BD9942E3A20F8AC621 /* DTBKit_Example.app */ = {isa = PBXFileReference; includeInIndex = 0; lastKnownFileType = wrapper.application; path = DTBKit_Example.app; sourceTree = BUILT_PRODUCTS_DIR; };
		AA675032521C27E39603894A /* Pods_DTBKit_Example.framework */ = {isa = PBXFileReference; explicitFileType = wrapper.framework; includeInIndex = 0; path = Pods_DTBKit_Example.framework; sourceTree = BUILT_PRODUCTS_DIR; };
		AB470419225C0F4E263C23C7 /* HomeViewController.swift */ = {isa = PBXFileReference; lastKnownFileType = sourcecode.swift; path = HomeViewController.swift; sourceTree = "<group>"; };
		AB8D2A2CEE6175DC48EA0908 /* XMColor.swift */ = {isa = PBXFileReference; lastKnownFileType = sourcecode.swift; path = XMColor.swift; sourceTree = "<group>"; };
		AD3822F1BFE14ECBE1DF3A18 /* LICENSE */ = {isa = PBXFileReference; name = LICENSE; path = ../LICENSE; sourceTree = "<group>"; };
		ADD89C181F30AA5BDF38ADEC /* Drift.swift */ = {isa = PBXFileReference; lastKnownFileType = sourcecode.swift; path = Drift.swift; sourceTree = "<group>"; };
		AE55E81DA208AECBCBA770CF /* GuideNavigator.swift */ = {isa = PBXFileReference; lastKnownFileType = sourcecode.swift; path = GuideNavigator.swift; sourceTree = "<group>"; };
		B37A3E6078E4415F13BA5C2C /* GuideDocsViewController.swift */ = {isa = PBXFileReference; lastKnownFileType = sourcecode.swift; path = GuideDocsViewController.swift; sourceTree = "<group>"; };
		B741899E0139C181427F07FE /* GuideGroupView.swift */ = {isa = PBXFileReference; lastKnownFileType = sourcecode.swift; path = GuideGroupView.swift; sourceTree = "<group>"; };
		BB16CC9B82C3A96393CE14B5 /* SimpleWebViewController.swift */ = {isa = PBXFileReference; lastKnownFileType = sourcecode.swift; path = SimpleWebViewController.swift; sourceTree = "<group>"; };
		BD38C5FAE384D56B19938045 /* SimpleVisualViewController.swift */ = {isa = PBXFileReference; lastKnownFileType = sourcecode.swift; path = SimpleVisualViewController.swift; sourceTree = "<group>"; };
		C1E7982283574061EF2C6745 /* Launch Screen.storyboard */ = {isa = PBXFileReference; lastKnownFileType = file.storyboard; path = "Launch Screen.storyboard"; sourceTree = "<group>"; };
		C25FD8787B72EC0EF28984D2 /* DTBBasicTests.swift */ = {isa = PBXFileReference; lastKnownFileType = sourcecode.swift; path = DTBBasicTests.swift; sourceTree = "<group>"; };
		C3FF0A320E09622621359C0D /* Float+DTBKit.swift */ = {isa = PBXFileReference; lastKnownFileType = sourcecode.swift; path = "Float+DTBKit.swift"; sourceTree = "<group>"; };
		C50C5446D35072D81448F188 /* GuideNavigationController.swift */ = {isa = PBXFileReference; lastKnownFileType = sourcecode.swift; path = GuideNavigationController.swift; sourceTree = "<group>"; };
		CCBE098124BFB2B965DF53E1 /* DriftView.swift */ = {isa = PBXFileReference; lastKnownFileType = sourcecode.swift; path = DriftView.swift; sourceTree = "<group>"; };
		CDAF59F97655EB8E78958AD5 /* AppDelegate.swift */ = {isa = PBXFileReference; lastKnownFileType = sourcecode.swift; path = AppDelegate.swift; sourceTree = "<group>"; };
		D17C870D9760C123DAB99D77 /* GuideListCell.swift */ = {isa = PBXFileReference; lastKnownFileType = sourcecode.swift; path = GuideListCell.swift; sourceTree = "<group>"; };
		D9099D1384E801AE7056DEE1 /* README.md */ = {isa = PBXFileReference; lastKnownFileType = net.daringfireball.markdown; name = README.md; path = ../README.md; sourceTree = "<group>"; };
		DA191678C2B68D0C9BDC1380 /* DemoNavigationView.swift */ = {isa = PBXFileReference; lastKnownFileType = sourcecode.swift; path = DemoNavigationView.swift; sourceTree = "<group>"; };
		E09C7C32BAB75A5E72D732E5 /* GuideAnimation.swift */ = {isa = PBXFileReference; lastKnownFileType = sourcecode.swift; path = GuideAnimation.swift; sourceTree = "<group>"; };
		E88629093E8C4B902768DC1C /* CGRect+DTBKit.swift */ = {isa = PBXFileReference; lastKnownFileType = sourcecode.swift; path = "CGRect+DTBKit.swift"; sourceTree = "<group>"; };
		EED25071A1D39F442331A160 /* GuideEnterView.swift */ = {isa = PBXFileReference; lastKnownFileType = sourcecode.swift; path = GuideEnterView.swift; sourceTree = "<group>"; };
		F0194B484DDF428C20847439 /* UIImage+DTBKit.swift */ = {isa = PBXFileReference; lastKnownFileType = sourcecode.swift; path = "UIImage+DTBKit.swift"; sourceTree = "<group>"; };
		F07719E41192E51E26324668 /* Info.plist */ = {isa = PBXFileReference; lastKnownFileType = text.plist; path = Info.plist; sourceTree = "<group>"; };
		F2DCF0C710372F5B71633BAC /* .gitkeep */ = {isa = PBXFileReference; path = .gitkeep; sourceTree = "<group>"; };
		F6725B6655AC6711A2CD4342 /* DTBKit_Tests.xctest */ = {isa = PBXFileReference; includeInIndex = 0; lastKnownFileType = wrapper.cfbundle; path = DTBKit_Tests.xctest; sourceTree = BUILT_PRODUCTS_DIR; };
		F814B4B829198871353120F8 /* Images.xcassets */ = {isa = PBXFileReference; lastKnownFileType = folder.assetcatalog; path = Images.xcassets; sourceTree = "<group>"; };
		FA92A28BC222C5268E1F2F70 /* DemoContentView.swift */ = {isa = PBXFileReference; lastKnownFileType = sourcecode.swift; path = DemoContentView.swift; sourceTree = "<group>"; };
/* End PBXFileReference section */

/* Begin PBXFrameworksBuildPhase section */
		D8A1460D14F2230FAB872DBD /* Frameworks */ = {
			isa = PBXFrameworksBuildPhase;
			buildActionMask = 2147483647;
			files = (
				FBA4C2A41E21AA689F8BF7DE /* Pods_DTBKit_Example.framework in Frameworks */,
			);
			runOnlyForDeploymentPostprocessing = 0;
		};
/* End PBXFrameworksBuildPhase section */

/* Begin PBXGroup section */
		015EEFBDAEAA9CC8B5D438D8 /* WebView */ = {
			isa = PBXGroup;
			children = (
				BB16CC9B82C3A96393CE14B5 /* SimpleWebViewController.swift */,
			);
			path = WebView;
			sourceTree = "<group>";
		};
		0C6626E18EBA1198312F333B /* TableView */ = {
			isa = PBXGroup;
			children = (
				32D1BC65F7F466B374C6A330 /* SimpleTableViewController.swift */,
			);
			path = TableView;
			sourceTree = "<group>";
		};
		0EA38C81F61EF6BC4C2C2D86 /* BasicTests */ = {
			isa = PBXGroup;
			children = (
				0453409D1C44E09800DD04FC /* ArrayTests.swift */,
				C25FD8787B72EC0EF28984D2 /* DTBBasicTests.swift */,
				7830E622F04A3AA897816301 /* MathTests.swift */,
			);
			name = BasicTests;
			path = ../DTBKit/BasicTests;
			sourceTree = "<group>";
		};
		128CE0D5562F0055DF8376EC /* Basic */ = {
			isa = PBXGroup;
			children = (
				76F0BA395FE35F6B3FE4809A /* .gitkeep */,
				2FE6BEDEB0816C6E8EAE8759 /* Array+DTBKit.swift */,
				E88629093E8C4B902768DC1C /* CGRect+DTBKit.swift */,
				3B1DC9D4C9D135658E78C968 /* CGSize+DTBKit.swift */,
				0E980B991E4F4BC9A1296C21 /* DTBColors.swift */,
				643C0D6EE99781EBB2520DCF /* DTBStatics.swift */,
				C3FF0A320E09622621359C0D /* Float+DTBKit.swift */,
				78775B07CCC6B6E13A0F0C3E /* Int+DTBKit.swift */,
				1BC5A9712C90E46F7419CFA9 /* UIButton+DTBKit.swift */,
				F0194B484DDF428C20847439 /* UIImage+DTBKit.swift */,
				3920D423B2F0AF2570827977 /* UIImageView+DTBKit.swift */,
			);
			name = Basic;
			path = ../DTBKit/Basic;
			sourceTree = "<group>";
		};
		143D382ADE74995B70BEB580 /* TransAnimate */ = {
			isa = PBXGroup;
			children = (
				6ABA054619FB46334287D932 /* AlertAnimation.swift */,
			);
			path = TransAnimate;
			sourceTree = "<group>";
		};
		18B47A4882055F3567FBEAE6 /* Frameworks */ = {
			isa = PBXGroup;
			children = (
				AA675032521C27E39603894A /* Pods_DTBKit_Example.framework */,
			);
			name = Frameworks;
			sourceTree = "<group>";
		};
		3CF4BA5C21F365DBA62A397F /* UIKit */ = {
			isa = PBXGroup;
			children = (
				F2DCF0C710372F5B71633BAC /* .gitkeep */,
				5AA75639F4BCCE3CFCB62F65 /* EdgeLabel.swift */,
				AB8D2A2CEE6175DC48EA0908 /* XMColor.swift */,
				143D382ADE74995B70BEB580 /* TransAnimate */,
			);
			name = UIKit;
			path = ../DTBKit/UIKit;
			sourceTree = "<group>";
		};
		3E71188D7B1B792A41DFC6E6 /* List */ = {
			isa = PBXGroup;
			children = (
				5DB234E74BDEEC74FE1FC611 /* GuideListModels.swift */,
				40B6C890B0C51B40ACDB9737 /* GuideListView.swift */,
				704A366BC07569D76B34F19E /* GuideListViewController.swift */,
				08052F62729C3302D29567E1 /* GuideListViewModel.swift */,
				76EBEC115A504E70392BB23F /* Group */,
				E8C1535A2F56199CBB76DB24 /* View */,
			);
			path = List;
			sourceTree = "<group>";
		};
		406BDAD9CA4B40E50A095459 /* Guide */ = {
			isa = PBXGroup;
			children = (
				4DF8CED02A592CCD03969B5D /* GuideDriftView.swift */,
				EED25071A1D39F442331A160 /* GuideEnterView.swift */,
				AE55E81DA208AECBCBA770CF /* GuideNavigator.swift */,
				A81283478D9B4385B76A3F82 /* Common */,
				F049321A45E4D93C7A47019F /* Docs */,
				3E71188D7B1B792A41DFC6E6 /* List */,
			);
			path = Guide;
			sourceTree = "<group>";
		};
		5B722FE598E9AA9DE17C0AAB /* Pods */ = {
			isa = PBXGroup;
			children = (
				88A66D2E65E1F61E56C714FD /* Pods-DTBKit_Example.debug.xcconfig */,
				0392A52C0D3C9930F74D6338 /* Pods-DTBKit_Example.release.xcconfig */,
			);
			name = Pods;
			path = Pods;
			sourceTree = "<group>";
		};
		76EBEC115A504E70392BB23F /* Group */ = {
			isa = PBXGroup;
			children = (
				917B7BC13391455F649E814E /* GuideGroupCell.swift */,
				B741899E0139C181427F07FE /* GuideGroupView.swift */,
			);
			path = Group;
			sourceTree = "<group>";
		};
		88030DA478C3BC8517A7C58D /* Source Codes */ = {
			isa = PBXGroup;
			children = (
				00EC983BB0CCCB17419FBFBA /* DTBKit.swift */,
				128CE0D5562F0055DF8376EC /* Basic */,
				3CF4BA5C21F365DBA62A397F /* UIKit */,
			);
			name = "Source Codes";
			sourceTree = "<group>";
		};
		8B751F8645EE2A075856B6D1 /* DTBKit */ = {
			isa = PBXGroup;
			children = (
				CDAF59F97655EB8E78958AD5 /* AppDelegate.swift */,
				8DC825259B4A2BC75D4CAEBE /* DemoEntry.swift */,
				8CB035E2CD0BB15B35B6ADEC /* Exported.swift */,
				AB470419225C0F4E263C23C7 /* HomeViewController.swift */,
				F814B4B829198871353120F8 /* Images.xcassets */,
				F07719E41192E51E26324668 /* Info.plist */,
				C1E7982283574061EF2C6745 /* Launch Screen.storyboard */,
				8FDBCC3AAE2C80787FD33853 /* DemoMenuUI */,
				B8688D6261E49827CA5ABE2E /* Drift */,
				0C6626E18EBA1198312F333B /* TableView */,
				015EEFBDAEAA9CC8B5D438D8 /* WebView */,
			);
			path = DTBKit;
			sourceTree = "<group>";
		};
		8FDBCC3AAE2C80787FD33853 /* DemoMenuUI */ = {
			isa = PBXGroup;
			children = (
				FA92A28BC222C5268E1F2F70 /* DemoContentView.swift */,
				DA191678C2B68D0C9BDC1380 /* DemoNavigationView.swift */,
				BD38C5FAE384D56B19938045 /* SimpleVisualViewController.swift */,
			);
			path = DemoMenuUI;
			sourceTree = "<group>";
		};
		9F12C675ED584F082B757A84 /* Products */ = {
			isa = PBXGroup;
			children = (
				A94332BD9942E3A20F8AC621 /* DTBKit_Example.app */,
				F6725B6655AC6711A2CD4342 /* DTBKit_Tests.xctest */,
			);
			name = Products;
			sourceTree = "<group>";
		};
		A02F3074E9FA30B17137A40B /* Assets */ = {
			isa = PBXGroup;
			children = (
				271C5701FBC0F1C84F6316FA /* .gitkeep */,
				881598D80582636EC3A51695 /* basic.xcassets */,
				5C32B3577F677B75582FDB7F /* ui-kit.xcassets */,
			);
			name = Assets;
			path = ../DTBKit/Assets;
			sourceTree = "<group>";
		};
		A81283478D9B4385B76A3F82 /* Common */ = {
			isa = PBXGroup;
			children = (
				E09C7C32BAB75A5E72D732E5 /* GuideAnimation.swift */,
				118A740DE77F04184DA01AE5 /* GuideContainerView.swift */,
				C50C5446D35072D81448F188 /* GuideNavigationController.swift */,
				0B5E6ECB7B179BA0F3581379 /* GuideRefreshAlertController.swift */,
			);
			path = Common;
			sourceTree = "<group>";
		};
		B8688D6261E49827CA5ABE2E /* Drift */ = {
			isa = PBXGroup;
			children = (
				ADD89C181F30AA5BDF38ADEC /* Drift.swift */,
				3D43E54B5D507D690F7859E1 /* DriftAdapter.swift */,
				6BCB5799833552A14B00212E /* DriftMainViewController.swift */,
				CCBE098124BFB2B965DF53E1 /* DriftView.swift */,
				73C534D0DD58E8AF5BE72CF0 /* DriftWindow.swift */,
				406BDAD9CA4B40E50A095459 /* Guide */,
			);
			path = Drift;
			sourceTree = "<group>";
		};
		BC12DD552C2444C5241138E9 = {
			isa = PBXGroup;
			children = (
				D4AD1857E48DF31880954735 /* Examples */,
				FE361C91F82EDA0008C24741 /* Metadata */,
				DBE214345037E502D7EC1111 /* Resources */,
				88030DA478C3BC8517A7C58D /* Source Codes */,
				C4299C39FE41BDD991CA453B /* Unit Tests */,
				9F12C675ED584F082B757A84 /* Products */,
				5B722FE598E9AA9DE17C0AAB /* Pods */,
				18B47A4882055F3567FBEAE6 /* Frameworks */,
			);
			sourceTree = "<group>";
		};
		C4299C39FE41BDD991CA453B /* Unit Tests */ = {
			isa = PBXGroup;
			children = (
				0EA38C81F61EF6BC4C2C2D86 /* BasicTests */,
			);
			name = "Unit Tests";
			sourceTree = "<group>";
		};
		D4AD1857E48DF31880954735 /* Examples */ = {
			isa = PBXGroup;
			children = (
				8B751F8645EE2A075856B6D1 /* DTBKit */,
			);
			name = Examples;
			sourceTree = "<group>";
		};
		DBE214345037E502D7EC1111 /* Resources */ = {
			isa = PBXGroup;
			children = (
				A02F3074E9FA30B17137A40B /* Assets */,
			);
			name = Resources;
			sourceTree = "<group>";
		};
		E8C1535A2F56199CBB76DB24 /* View */ = {
			isa = PBXGroup;
			children = (
				D17C870D9760C123DAB99D77 /* GuideListCell.swift */,
				A2DBC495036F1740D7C926FB /* GuideRefreshView.swift */,
			);
			path = View;
			sourceTree = "<group>";
		};
		F049321A45E4D93C7A47019F /* Docs */ = {
			isa = PBXGroup;
			children = (
				7ABCB8D0050F9150920865BD /* GuideDocsView.swift */,
				B37A3E6078E4415F13BA5C2C /* GuideDocsViewController.swift */,
			);
			path = Docs;
			sourceTree = "<group>";
		};
		FE361C91F82EDA0008C24741 /* Metadata */ = {
			isa = PBXGroup;
			children = (
				3C7D3B41655E7FCD0EEE3DDE /* DTBKit.podspec */,
				AD3822F1BFE14ECBE1DF3A18 /* LICENSE */,
				5E640FCA5DA1C76456068E49 /* Podfile */,
				70B7C80B5F60A9B0123B9530 /* project.yml */,
				D9099D1384E801AE7056DEE1 /* README.md */,
			);
			name = Metadata;
			sourceTree = "<group>";
		};
/* End PBXGroup section */

/* Begin PBXNativeTarget section */
		5AA8AA7D09F9746BCF01DD0D /* DTBKit_Tests */ = {
			isa = PBXNativeTarget;
			buildConfigurationList = A81850527FF4ABBC63C4D6E7 /* Build configuration list for PBXNativeTarget "DTBKit_Tests" */;
			buildPhases = (
				C0AFD5C0C6B473CB724DF1AD /* Sources */,
			);
			buildRules = (
			);
			dependencies = (
				0CD34C3FE6543DD3AA4728AD /* PBXTargetDependency */,
			);
			name = DTBKit_Tests;
			productName = DTBKit_Tests;
			productReference = F6725B6655AC6711A2CD4342 /* DTBKit_Tests.xctest */;
			productType = "com.apple.product-type.bundle.unit-test";
		};
		EEE68BB394FCFB28048E1B92 /* DTBKit_Example */ = {
			isa = PBXNativeTarget;
			buildConfigurationList = F1F58F71037EE1DBDB0C6ADC /* Build configuration list for PBXNativeTarget "DTBKit_Example" */;
			buildPhases = (
				E6AA20767463D7B3FE976FD1 /* [CP] Check Pods Manifest.lock */,
				1189F6771834ACEE127E70C3 /* Sources */,
				6055D51056365702E0FA6C1C /* Resources */,
				D8A1460D14F2230FAB872DBD /* Frameworks */,
				6AB1BAFCCC47A93B831F2738 /* [CP] Embed Pods Frameworks */,
			);
			buildRules = (
			);
			dependencies = (
			);
			name = DTBKit_Example;
			productName = DTBKit_Example;
			productReference = A94332BD9942E3A20F8AC621 /* DTBKit_Example.app */;
			productType = "com.apple.product-type.application";
		};
/* End PBXNativeTarget section */

/* Begin PBXProject section */
		7A0FBC3983CF660459D6BF32 /* Project object */ = {
			isa = PBXProject;
			attributes = {
				LastUpgradeCheck = 1200;
				ORGANIZATIONNAME = darkThanBlack;
				TargetAttributes = {
				};
			};
			buildConfigurationList = 37C9BF844CAB5607F72F8B75 /* Build configuration list for PBXProject "DTBKit" */;
			compatibilityVersion = "Xcode 10.0";
			developmentRegion = en;
			hasScannedForEncodings = 0;
			knownRegions = (
				Base,
				en,
			);
			mainGroup = BC12DD552C2444C5241138E9;
			productRefGroup = 9F12C675ED584F082B757A84 /* Products */;
			projectDirPath = "";
			projectRoot = "";
			targets = (
				EEE68BB394FCFB28048E1B92 /* DTBKit_Example */,
				5AA8AA7D09F9746BCF01DD0D /* DTBKit_Tests */,
			);
		};
/* End PBXProject section */

/* Begin PBXResourcesBuildPhase section */
		6055D51056365702E0FA6C1C /* Resources */ = {
			isa = PBXResourcesBuildPhase;
			buildActionMask = 2147483647;
			files = (
				0C1A172E134B1257FB303B8A /* DTBKit.podspec in Resources */,
				A735232D860682E7B7E7ECB0 /* Images.xcassets in Resources */,
				A1348D0AEC21FEC0D41CBBE1 /* Launch Screen.storyboard in Resources */,
				BDBB8C6B4588D4721BBE6CE5 /* README.md in Resources */,
				B3B9577BA8721D8698D7CF5D /* basic.xcassets in Resources */,
				0D95639B99F2A5832783FEF1 /* project.yml in Resources */,
				ACE6BAC40FBC6503D94CB4FC /* ui-kit.xcassets in Resources */,
			);
			runOnlyForDeploymentPostprocessing = 0;
		};
/* End PBXResourcesBuildPhase section */

/* Begin PBXShellScriptBuildPhase section */
		6AB1BAFCCC47A93B831F2738 /* [CP] Embed Pods Frameworks */ = {
			isa = PBXShellScriptBuildPhase;
			buildActionMask = 2147483647;
			files = (
			);
			inputFileListPaths = (
				"${PODS_ROOT}/Target Support Files/Pods-DTBKit_Example/Pods-DTBKit_Example-frameworks-${CONFIGURATION}-input-files.xcfilelist",
			);
			name = "[CP] Embed Pods Frameworks";
			outputFileListPaths = (
				"${PODS_ROOT}/Target Support Files/Pods-DTBKit_Example/Pods-DTBKit_Example-frameworks-${CONFIGURATION}-output-files.xcfilelist",
			);
			runOnlyForDeploymentPostprocessing = 0;
			shellPath = /bin/sh;
			shellScript = "\"${PODS_ROOT}/Target Support Files/Pods-DTBKit_Example/Pods-DTBKit_Example-frameworks.sh\"\n";
			showEnvVarsInLog = 0;
		};
		E6AA20767463D7B3FE976FD1 /* [CP] Check Pods Manifest.lock */ = {
			isa = PBXShellScriptBuildPhase;
			buildActionMask = 2147483647;
			files = (
			);
			inputFileListPaths = (
			);
			inputPaths = (
				"${PODS_PODFILE_DIR_PATH}/Podfile.lock",
				"${PODS_ROOT}/Manifest.lock",
			);
			name = "[CP] Check Pods Manifest.lock";
			outputFileListPaths = (
			);
			outputPaths = (
				"$(DERIVED_FILE_DIR)/Pods-DTBKit_Example-checkManifestLockResult.txt",
			);
			runOnlyForDeploymentPostprocessing = 0;
			shellPath = /bin/sh;
			shellScript = "diff \"${PODS_PODFILE_DIR_PATH}/Podfile.lock\" \"${PODS_ROOT}/Manifest.lock\" > /dev/null\nif [ $? != 0 ] ; then\n    # print error to STDERR\n    echo \"error: The sandbox is not in sync with the Podfile.lock. Run 'pod install' or update your CocoaPods installation.\" >&2\n    exit 1\nfi\n# This output is used by Xcode 'outputs' to avoid re-running this script phase.\necho \"SUCCESS\" > \"${SCRIPT_OUTPUT_FILE_0}\"\n";
			showEnvVarsInLog = 0;
		};
/* End PBXShellScriptBuildPhase section */

/* Begin PBXSourcesBuildPhase section */
		1189F6771834ACEE127E70C3 /* Sources */ = {
			isa = PBXSourcesBuildPhase;
			buildActionMask = 2147483647;
			files = (
				A9DE99B858E334528346CE4B /* AlertAnimation.swift in Sources */,
				0169083FFEF6AE744A5BDE01 /* AppDelegate.swift in Sources */,
				2A0D4B06DD0C14E942474621 /* Array+DTBKit.swift in Sources */,
				AB3E36DAA3E1FB94F7E84874 /* CGRect+DTBKit.swift in Sources */,
				C09CF354446DF8B9AFCEAF08 /* CGSize+DTBKit.swift in Sources */,
				B4BC9D451D37CC8F4786ECD5 /* DTBColors.swift in Sources */,
				996CFED17A4B1BDD6EE9648A /* DTBKit.swift in Sources */,
				D95BC46FA0D8EC0986C59BF8 /* DTBStatics.swift in Sources */,
				26BBB83FC4DA650DDC3329EC /* DemoContentView.swift in Sources */,
				3AC23554A53955C5AF50A390 /* DemoEntry.swift in Sources */,
				FD226C822096E72DA8C373FA /* DemoNavigationView.swift in Sources */,
				994927E52ACBEB040FB72EFD /* Drift.swift in Sources */,
				FAED2479F8A046848CC1761E /* DriftAdapter.swift in Sources */,
				55AA6E22F2382D71B31F7AAA /* DriftMainViewController.swift in Sources */,
				0AB6E0E0EF00BCDCDED30FB9 /* DriftView.swift in Sources */,
				E85EFD5DB74F8C80C23DFB37 /* DriftWindow.swift in Sources */,
				8DD734649787D05EF6D0203A /* EdgeLabel.swift in Sources */,
				66F19A1005CEDC2EDDBFDF6A /* Exported.swift in Sources */,
				D4FDECD70AF7A8BDD54689BD /* Float+DTBKit.swift in Sources */,
				BC1BD050E1C053BEEEECA11A /* GuideAnimation.swift in Sources */,
				157FB71B468A437899BB1211 /* GuideContainerView.swift in Sources */,
				0CEAA9B819E42D0EB1269281 /* GuideDocsView.swift in Sources */,
				40415FAD78A5B8FB028AE0CC /* GuideDocsViewController.swift in Sources */,
				22A7AA5670645966EF291B10 /* GuideDriftView.swift in Sources */,
				3EAB011FEDDD7DC2A3F2EA27 /* GuideEnterView.swift in Sources */,
				54303D60788E9B31419018EB /* GuideGroupCell.swift in Sources */,
				AE178DC83F7A96DB5160AEFC /* GuideGroupView.swift in Sources */,
				A0A53992AC00B66FC30B36DE /* GuideListCell.swift in Sources */,
				B9E2666040E93CE75D9DADAC /* GuideListModels.swift in Sources */,
				666C2050BE2EBB7E874D732B /* GuideListView.swift in Sources */,
				67056E458B57D59A1DD22C31 /* GuideListViewController.swift in Sources */,
				C913F57DFEDE8100F34DF656 /* GuideListViewModel.swift in Sources */,
				03B83AED951D41B5E8247261 /* GuideNavigationController.swift in Sources */,
				11166D157786A18CDBA89751 /* GuideNavigator.swift in Sources */,
				D48F87C194A07414C778BE13 /* GuideRefreshAlertController.swift in Sources */,
				B9B1ABAF6037D5D7B471F7BC /* GuideRefreshView.swift in Sources */,
				7CF58AE26EC8F27ABBC74059 /* HomeViewController.swift in Sources */,
				5BCB985228038DA98D80924F /* Int+DTBKit.swift in Sources */,
				B89C2CE971FE7DE448C929A7 /* SimpleTableViewController.swift in Sources */,
				3A9B01ED6B8CAEC69307A5D3 /* SimpleVisualViewController.swift in Sources */,
				21582A515E253A783BF29A24 /* SimpleWebViewController.swift in Sources */,
				FCA935EAAE7899139DF2925E /* UIButton+DTBKit.swift in Sources */,
				E540AD66DBB179688BC7ED31 /* UIImage+DTBKit.swift in Sources */,
				547A791C29AA5B169C3E2C6A /* UIImageView+DTBKit.swift in Sources */,
				9D01FF2535AD554BC4BEDB1F /* XMColor.swift in Sources */,
			);
			runOnlyForDeploymentPostprocessing = 0;
		};
		C0AFD5C0C6B473CB724DF1AD /* Sources */ = {
			isa = PBXSourcesBuildPhase;
			buildActionMask = 2147483647;
			files = (
				CAC48BEDAFE348570CABBF36 /* ArrayTests.swift in Sources */,
				3DBFB3F32E6F295E6FD488F2 /* DTBBasicTests.swift in Sources */,
				0A6653C7305C8353C7E61FEA /* MathTests.swift in Sources */,
			);
			runOnlyForDeploymentPostprocessing = 0;
		};
/* End PBXSourcesBuildPhase section */

/* Begin PBXTargetDependency section */
		0CD34C3FE6543DD3AA4728AD /* PBXTargetDependency */ = {
			isa = PBXTargetDependency;
			target = EEE68BB394FCFB28048E1B92 /* DTBKit_Example */;
			targetProxy = EFD9591CC3112BB40A6D4E18 /* PBXContainerItemProxy */;
		};
/* End PBXTargetDependency section */

/* Begin XCBuildConfiguration section */
		2C1E80B4CC32239F3DA4EC1F /* Debug */ = {
			isa = XCBuildConfiguration;
			buildSettings = {
				ALWAYS_SEARCH_USER_PATHS = NO;
				CLANG_ANALYZER_NONNULL = YES;
				CLANG_ANALYZER_NUMBER_OBJECT_CONVERSION = YES_AGGRESSIVE;
				CLANG_CXX_LANGUAGE_STANDARD = "gnu++14";
				CLANG_CXX_LIBRARY = "libc++";
				CLANG_ENABLE_MODULES = YES;
				CLANG_ENABLE_OBJC_ARC = YES;
				CLANG_ENABLE_OBJC_WEAK = YES;
				CLANG_WARN_BLOCK_CAPTURE_AUTORELEASING = YES;
				CLANG_WARN_BOOL_CONVERSION = YES;
				CLANG_WARN_COMMA = YES;
				CLANG_WARN_CONSTANT_CONVERSION = YES;
				CLANG_WARN_DEPRECATED_OBJC_IMPLEMENTATIONS = YES;
				CLANG_WARN_DIRECT_OBJC_ISA_USAGE = YES_ERROR;
				CLANG_WARN_DOCUMENTATION_COMMENTS = YES;
				CLANG_WARN_EMPTY_BODY = YES;
				CLANG_WARN_ENUM_CONVERSION = YES;
				CLANG_WARN_INFINITE_RECURSION = YES;
				CLANG_WARN_INT_CONVERSION = YES;
				CLANG_WARN_NON_LITERAL_NULL_CONVERSION = YES;
				CLANG_WARN_OBJC_IMPLICIT_RETAIN_SELF = YES;
				CLANG_WARN_OBJC_LITERAL_CONVERSION = YES;
				CLANG_WARN_OBJC_ROOT_CLASS = YES_ERROR;
				CLANG_WARN_QUOTED_INCLUDE_IN_FRAMEWORK_HEADER = YES;
				CLANG_WARN_RANGE_LOOP_ANALYSIS = YES;
				CLANG_WARN_STRICT_PROTOTYPES = YES;
				CLANG_WARN_SUSPICIOUS_MOVE = YES;
				CLANG_WARN_UNGUARDED_AVAILABILITY = YES_AGGRESSIVE;
				CLANG_WARN_UNREACHABLE_CODE = YES;
				CLANG_WARN__DUPLICATE_METHOD_MATCH = YES;
				COPY_PHASE_STRIP = NO;
				DEBUG_INFORMATION_FORMAT = dwarf;
				ENABLE_STRICT_OBJC_MSGSEND = YES;
				ENABLE_TESTABILITY = YES;
				GCC_C_LANGUAGE_STANDARD = gnu11;
				GCC_DYNAMIC_NO_PIC = NO;
				GCC_NO_COMMON_BLOCKS = YES;
				GCC_OPTIMIZATION_LEVEL = 0;
				GCC_PREPROCESSOR_DEFINITIONS = (
					"$(inherited)",
					"DEBUG=1",
				);
				GCC_WARN_64_TO_32_BIT_CONVERSION = YES;
				GCC_WARN_ABOUT_RETURN_TYPE = YES_ERROR;
				GCC_WARN_UNDECLARED_SELECTOR = YES;
				GCC_WARN_UNINITIALIZED_AUTOS = YES_AGGRESSIVE;
				GCC_WARN_UNUSED_FUNCTION = YES;
				GCC_WARN_UNUSED_VARIABLE = YES;
				MTL_ENABLE_DEBUG_INFO = INCLUDE_SOURCE;
				MTL_FAST_MATH = YES;
				ONLY_ACTIVE_ARCH = YES;
				PRODUCT_NAME = "$(TARGET_NAME)";
				SDKROOT = iphoneos;
				SWIFT_ACTIVE_COMPILATION_CONDITIONS = DEBUG;
				SWIFT_OPTIMIZATION_LEVEL = "-Onone";
				SWIFT_VERSION = 5.0;
			};
			name = Debug;
		};
		93028D29BF4010F0087EBCFC /* Debug */ = {
			isa = XCBuildConfiguration;
			buildSettings = {
				BUNDLE_LOADER = "$(TEST_HOST)";
				CLANG_CXX_LANGUAGE_STANDARD = "gnu++20";
				"EXCLUDED_ARCHS[sdk=iphonesimulator*]" = arm64;
				GENERATE_INFOPLIST_FILE = YES;
				IPHONEOS_DEPLOYMENT_TARGET = 10.0;
				LD_RUNPATH_SEARCH_PATHS = (
					"$(inherited)",
					"@executable_path/Frameworks",
					"@loader_path/Frameworks",
				);
				PRODUCT_BUNDLE_IDENTIFIER = org.darkThanBlack.demo.DTBKit;
				PRODUCT_NAME = DTBKit_Tests;
				SDKROOT = iphoneos;
				SWIFT_VERSION = 5.0;
				TARGETED_DEVICE_FAMILY = "1,2";
				TEST_HOST = "$(BUILT_PRODUCTS_DIR)/DTBKit_Example.app/DTBKit_Example";
			};
			name = Debug;
		};
		BAA8C2FA7D56E81C5ABCEC56 /* Release */ = {
			isa = XCBuildConfiguration;
			baseConfigurationReference = 0392A52C0D3C9930F74D6338 /* Pods-DTBKit_Example.release.xcconfig */;
			buildSettings = {
				ALWAYS_EMBED_SWIFT_STANDARD_LIBRARIES = "$(inherited)";
				ASSETCATALOG_COMPILER_APPICON_NAME = AppIcon;
				CODE_SIGN_IDENTITY = "iPhone Developer";
				ENABLE_BITCODE = NO;
				"EXCLUDED_ARCHS[sdk=iphonesimulator*]" = arm64;
				FRAMEWORK_SEARCH_PATHS = (
					"$(inherited)",
					"$(PODS_CONFIGURATION_BUILD_DIR)/DTBKit",
				);
				INFOPLIST_FILE = DTBKit/Info.plist;
				IPHONEOS_DEPLOYMENT_TARGET = 10.0;
				LD_RUNPATH_SEARCH_PATHS = (
					"$(inherited)",
					"@executable_path/Frameworks",
				);
				LIBRARY_SEARCH_PATHS = "$(inherited)";
				OTHER_SWIFT_FLAGS = "$(inherited) -D COCOAPODS -D DTBKitable";
				PRODUCT_BUNDLE_IDENTIFIER = org.darkThanBlack.demo.DTBKit;
				PRODUCT_NAME = DTBKit_Example;
				SDKROOT = iphoneos;
				SWIFT_VERSION = 5.0;
				TARGETED_DEVICE_FAMILY = 1;
				UILaunchStoryboardName = LaunchScreen;
				WARNING_CFLAGS = (
					"-Wno-documentation",
					"-Wno-unguarded-availability",
					"-Wno-strict-prototypes",
					"-Wno-implicit-retain-self",
				);
			};
			name = Release;
		};
		BE325547C199BA36DA76D4CA /* Release */ = {
			isa = XCBuildConfiguration;
			buildSettings = {
				BUNDLE_LOADER = "$(TEST_HOST)";
				CLANG_CXX_LANGUAGE_STANDARD = "gnu++20";
				"EXCLUDED_ARCHS[sdk=iphonesimulator*]" = arm64;
				GENERATE_INFOPLIST_FILE = YES;
				IPHONEOS_DEPLOYMENT_TARGET = 10.0;
				LD_RUNPATH_SEARCH_PATHS = (
					"$(inherited)",
					"@executable_path/Frameworks",
					"@loader_path/Frameworks",
				);
				PRODUCT_BUNDLE_IDENTIFIER = org.darkThanBlack.demo.DTBKit;
				PRODUCT_NAME = DTBKit_Tests;
				SDKROOT = iphoneos;
				SWIFT_VERSION = 5.0;
				TARGETED_DEVICE_FAMILY = "1,2";
				TEST_HOST = "$(BUILT_PRODUCTS_DIR)/DTBKit_Example.app/DTBKit_Example";
			};
			name = Release;
		};
		DEB1CAE98BF36ECE1F19CA49 /* Release */ = {
			isa = XCBuildConfiguration;
			buildSettings = {
				ALWAYS_SEARCH_USER_PATHS = NO;
				CLANG_ANALYZER_NONNULL = YES;
				CLANG_ANALYZER_NUMBER_OBJECT_CONVERSION = YES_AGGRESSIVE;
				CLANG_CXX_LANGUAGE_STANDARD = "gnu++14";
				CLANG_CXX_LIBRARY = "libc++";
				CLANG_ENABLE_MODULES = YES;
				CLANG_ENABLE_OBJC_ARC = YES;
				CLANG_ENABLE_OBJC_WEAK = YES;
				CLANG_WARN_BLOCK_CAPTURE_AUTORELEASING = YES;
				CLANG_WARN_BOOL_CONVERSION = YES;
				CLANG_WARN_COMMA = YES;
				CLANG_WARN_CONSTANT_CONVERSION = YES;
				CLANG_WARN_DEPRECATED_OBJC_IMPLEMENTATIONS = YES;
				CLANG_WARN_DIRECT_OBJC_ISA_USAGE = YES_ERROR;
				CLANG_WARN_DOCUMENTATION_COMMENTS = YES;
				CLANG_WARN_EMPTY_BODY = YES;
				CLANG_WARN_ENUM_CONVERSION = YES;
				CLANG_WARN_INFINITE_RECURSION = YES;
				CLANG_WARN_INT_CONVERSION = YES;
				CLANG_WARN_NON_LITERAL_NULL_CONVERSION = YES;
				CLANG_WARN_OBJC_IMPLICIT_RETAIN_SELF = YES;
				CLANG_WARN_OBJC_LITERAL_CONVERSION = YES;
				CLANG_WARN_OBJC_ROOT_CLASS = YES_ERROR;
				CLANG_WARN_QUOTED_INCLUDE_IN_FRAMEWORK_HEADER = YES;
				CLANG_WARN_RANGE_LOOP_ANALYSIS = YES;
				CLANG_WARN_STRICT_PROTOTYPES = YES;
				CLANG_WARN_SUSPICIOUS_MOVE = YES;
				CLANG_WARN_UNGUARDED_AVAILABILITY = YES_AGGRESSIVE;
				CLANG_WARN_UNREACHABLE_CODE = YES;
				CLANG_WARN__DUPLICATE_METHOD_MATCH = YES;
				COPY_PHASE_STRIP = NO;
				DEBUG_INFORMATION_FORMAT = "dwarf-with-dsym";
				ENABLE_NS_ASSERTIONS = NO;
				ENABLE_STRICT_OBJC_MSGSEND = YES;
				GCC_C_LANGUAGE_STANDARD = gnu11;
				GCC_NO_COMMON_BLOCKS = YES;
				GCC_WARN_64_TO_32_BIT_CONVERSION = YES;
				GCC_WARN_ABOUT_RETURN_TYPE = YES_ERROR;
				GCC_WARN_UNDECLARED_SELECTOR = YES;
				GCC_WARN_UNINITIALIZED_AUTOS = YES_AGGRESSIVE;
				GCC_WARN_UNUSED_FUNCTION = YES;
				GCC_WARN_UNUSED_VARIABLE = YES;
				MTL_ENABLE_DEBUG_INFO = NO;
				MTL_FAST_MATH = YES;
				PRODUCT_NAME = "$(TARGET_NAME)";
				SDKROOT = iphoneos;
				SWIFT_COMPILATION_MODE = wholemodule;
				SWIFT_OPTIMIZATION_LEVEL = "-O";
				SWIFT_VERSION = 5.0;
			};
			name = Release;
		};
		F2A043E7593DC7E625CA69FC /* Debug */ = {
			isa = XCBuildConfiguration;
			baseConfigurationReference = 88A66D2E65E1F61E56C714FD /* Pods-DTBKit_Example.debug.xcconfig */;
			buildSettings = {
				ALWAYS_EMBED_SWIFT_STANDARD_LIBRARIES = "$(inherited)";
				ASSETCATALOG_COMPILER_APPICON_NAME = AppIcon;
				CODE_SIGN_IDENTITY = "iPhone Developer";
				ENABLE_BITCODE = NO;
				"EXCLUDED_ARCHS[sdk=iphonesimulator*]" = arm64;
				FRAMEWORK_SEARCH_PATHS = (
					"$(inherited)",
					"$(PODS_CONFIGURATION_BUILD_DIR)/DTBKit",
				);
				INFOPLIST_FILE = DTBKit/Info.plist;
				IPHONEOS_DEPLOYMENT_TARGET = 10.0;
				LD_RUNPATH_SEARCH_PATHS = (
					"$(inherited)",
					"@executable_path/Frameworks",
				);
				LIBRARY_SEARCH_PATHS = "$(inherited)";
				OTHER_SWIFT_FLAGS = "$(inherited) -D COCOAPODS -D DTBKitable";
				PRODUCT_BUNDLE_IDENTIFIER = org.darkThanBlack.demo.DTBKit;
				PRODUCT_NAME = DTBKit_Example;
				SDKROOT = iphoneos;
				SWIFT_VERSION = 5.0;
				TARGETED_DEVICE_FAMILY = 1;
				UILaunchStoryboardName = LaunchScreen;
				WARNING_CFLAGS = (
					"-Wno-documentation",
					"-Wno-unguarded-availability",
					"-Wno-strict-prototypes",
					"-Wno-implicit-retain-self",
				);
			};
			name = Debug;
		};
/* End XCBuildConfiguration section */

/* Begin XCConfigurationList section */
		37C9BF844CAB5607F72F8B75 /* Build configuration list for PBXProject "DTBKit" */ = {
			isa = XCConfigurationList;
			buildConfigurations = (
				2C1E80B4CC32239F3DA4EC1F /* Debug */,
				DEB1CAE98BF36ECE1F19CA49 /* Release */,
			);
			defaultConfigurationIsVisible = 0;
			defaultConfigurationName = Debug;
		};
		A81850527FF4ABBC63C4D6E7 /* Build configuration list for PBXNativeTarget "DTBKit_Tests" */ = {
			isa = XCConfigurationList;
			buildConfigurations = (
				93028D29BF4010F0087EBCFC /* Debug */,
				BE325547C199BA36DA76D4CA /* Release */,
			);
			defaultConfigurationIsVisible = 0;
			defaultConfigurationName = Debug;
		};
		F1F58F71037EE1DBDB0C6ADC /* Build configuration list for PBXNativeTarget "DTBKit_Example" */ = {
			isa = XCConfigurationList;
			buildConfigurations = (
				F2A043E7593DC7E625CA69FC /* Debug */,
				BAA8C2FA7D56E81C5ABCEC56 /* Release */,
			);
			defaultConfigurationIsVisible = 0;
			defaultConfigurationName = Debug;
		};
/* End XCConfigurationList section */
	};
	rootObject = 7A0FBC3983CF660459D6BF32 /* Project object */;
}
